// !$*UTF8*$!
{
	archiveVersion = 1;
	classes = {
	};
	objectVersion = 46;
	objects = {

/* Begin PBXBuildFile section */
		047A2A4DEADCCCC1006F080F /* Pods_ThreadUITests.framework in Frameworks */ = {isa = PBXBuildFile; fileRef = 0BE3BD1DB1BADDF10CDC9F8B /* Pods_ThreadUITests.framework */; };
		0C6686D8773E8AE3E1E0D72A /* Pods_Thread.framework in Frameworks */ = {isa = PBXBuildFile; fileRef = 9560FB66ADAA3C0318ED7771 /* Pods_Thread.framework */; };
		3535199162A3752B698A930C /* Pods_ThreadTests.framework in Frameworks */ = {isa = PBXBuildFile; fileRef = 2EB2183E2AAEB7F63B3BAF82 /* Pods_ThreadTests.framework */; };
		B163FA3F1E3051EC00EF399D /* AroundMeTableViewController.swift in Sources */ = {isa = PBXBuildFile; fileRef = B163FA3E1E3051EC00EF399D /* AroundMeTableViewController.swift */; };
		B18430731E2D43E300EED632 /* GoogleService-Info.plist in Resources */ = {isa = PBXBuildFile; fileRef = B18430721E2D43E300EED632 /* GoogleService-Info.plist */; };
		B18430751E2D4BF200EED632 /* MainViewController.swift in Sources */ = {isa = PBXBuildFile; fileRef = B18430741E2D4BF200EED632 /* MainViewController.swift */; };
		B18430791E2EED7300EED632 /* MeViewController.swift in Sources */ = {isa = PBXBuildFile; fileRef = B18430781E2EED7300EED632 /* MeViewController.swift */; };
		B184307F1E2F0C8A00EED632 /* Assets.xcassets in Resources */ = {isa = PBXBuildFile; fileRef = B184307E1E2F0C8A00EED632 /* Assets.xcassets */; };
		B1C96A8F1E2C66730036E559 /* AppDelegate.swift in Sources */ = {isa = PBXBuildFile; fileRef = B1C96A8E1E2C66730036E559 /* AppDelegate.swift */; };
		B1C96A911E2C66730036E559 /* LoginViewController.swift in Sources */ = {isa = PBXBuildFile; fileRef = B1C96A901E2C66730036E559 /* LoginViewController.swift */; };
		B1C96A941E2C66730036E559 /* Main.storyboard in Resources */ = {isa = PBXBuildFile; fileRef = B1C96A921E2C66730036E559 /* Main.storyboard */; };
		B1C96A991E2C66730036E559 /* LaunchScreen.storyboard in Resources */ = {isa = PBXBuildFile; fileRef = B1C96A971E2C66730036E559 /* LaunchScreen.storyboard */; };
		B1C96AA41E2C66730036E559 /* ThreadTests.swift in Sources */ = {isa = PBXBuildFile; fileRef = B1C96AA31E2C66730036E559 /* ThreadTests.swift */; };
		B1C96AAF1E2C66730036E559 /* ThreadUITests.swift in Sources */ = {isa = PBXBuildFile; fileRef = B1C96AAE1E2C66730036E559 /* ThreadUITests.swift */; };
/* End PBXBuildFile section */

/* Begin PBXContainerItemProxy section */
		B1C96AA01E2C66730036E559 /* PBXContainerItemProxy */ = {
			isa = PBXContainerItemProxy;
			containerPortal = B1C96A831E2C66730036E559 /* Project object */;
			proxyType = 1;
			remoteGlobalIDString = B1C96A8A1E2C66730036E559;
			remoteInfo = Thread;
		};
		B1C96AAB1E2C66730036E559 /* PBXContainerItemProxy */ = {
			isa = PBXContainerItemProxy;
			containerPortal = B1C96A831E2C66730036E559 /* Project object */;
			proxyType = 1;
			remoteGlobalIDString = B1C96A8A1E2C66730036E559;
			remoteInfo = Thread;
		};
/* End PBXContainerItemProxy section */

/* Begin PBXFileReference section */
		0BE3BD1DB1BADDF10CDC9F8B /* Pods_ThreadUITests.framework */ = {isa = PBXFileReference; explicitFileType = wrapper.framework; includeInIndex = 0; path = Pods_ThreadUITests.framework; sourceTree = BUILT_PRODUCTS_DIR; };
		2EB2183E2AAEB7F63B3BAF82 /* Pods_ThreadTests.framework */ = {isa = PBXFileReference; explicitFileType = wrapper.framework; includeInIndex = 0; path = Pods_ThreadTests.framework; sourceTree = BUILT_PRODUCTS_DIR; };
		529A1AB9C2D28419C0D6FBF6 /* Pods-ThreadTests.release.xcconfig */ = {isa = PBXFileReference; includeInIndex = 1; lastKnownFileType = text.xcconfig; name = "Pods-ThreadTests.release.xcconfig"; path = "Pods/Target Support Files/Pods-ThreadTests/Pods-ThreadTests.release.xcconfig"; sourceTree = "<group>"; };
		7D290579FCFE88FA818A8002 /* Pods-Thread.debug.xcconfig */ = {isa = PBXFileReference; includeInIndex = 1; lastKnownFileType = text.xcconfig; name = "Pods-Thread.debug.xcconfig"; path = "Pods/Target Support Files/Pods-Thread/Pods-Thread.debug.xcconfig"; sourceTree = "<group>"; };
		8976F182E6528772898954DF /* Pods-ThreadUITests.debug.xcconfig */ = {isa = PBXFileReference; includeInIndex = 1; lastKnownFileType = text.xcconfig; name = "Pods-ThreadUITests.debug.xcconfig"; path = "Pods/Target Support Files/Pods-ThreadUITests/Pods-ThreadUITests.debug.xcconfig"; sourceTree = "<group>"; };
		9560FB66ADAA3C0318ED7771 /* Pods_Thread.framework */ = {isa = PBXFileReference; explicitFileType = wrapper.framework; includeInIndex = 0; path = Pods_Thread.framework; sourceTree = BUILT_PRODUCTS_DIR; };
		B163FA3E1E3051EC00EF399D /* AroundMeTableViewController.swift */ = {isa = PBXFileReference; fileEncoding = 4; lastKnownFileType = sourcecode.swift; path = AroundMeTableViewController.swift; sourceTree = "<group>"; };
		B18430701E2D3D6A00EED632 /* Thread.entitlements */ = {isa = PBXFileReference; lastKnownFileType = text.plist.entitlements; path = Thread.entitlements; sourceTree = "<group>"; };
		B18430721E2D43E300EED632 /* GoogleService-Info.plist */ = {isa = PBXFileReference; fileEncoding = 4; lastKnownFileType = text.plist.xml; path = "GoogleService-Info.plist"; sourceTree = "<group>"; };
		B18430741E2D4BF200EED632 /* MainViewController.swift */ = {isa = PBXFileReference; fileEncoding = 4; lastKnownFileType = sourcecode.swift; path = MainViewController.swift; sourceTree = "<group>"; };
		B18430781E2EED7300EED632 /* MeViewController.swift */ = {isa = PBXFileReference; fileEncoding = 4; lastKnownFileType = sourcecode.swift; path = MeViewController.swift; sourceTree = "<group>"; };
		B184307E1E2F0C8A00EED632 /* Assets.xcassets */ = {isa = PBXFileReference; lastKnownFileType = folder.assetcatalog; path = Assets.xcassets; sourceTree = "<group>"; };
		B1C96A8B1E2C66730036E559 /* Thread.app */ = {isa = PBXFileReference; explicitFileType = wrapper.application; includeInIndex = 0; path = Thread.app; sourceTree = BUILT_PRODUCTS_DIR; };
		B1C96A8E1E2C66730036E559 /* AppDelegate.swift */ = {isa = PBXFileReference; lastKnownFileType = sourcecode.swift; path = AppDelegate.swift; sourceTree = "<group>"; };
		B1C96A901E2C66730036E559 /* LoginViewController.swift */ = {isa = PBXFileReference; lastKnownFileType = sourcecode.swift; path = LoginViewController.swift; sourceTree = "<group>"; };
		B1C96A931E2C66730036E559 /* Base */ = {isa = PBXFileReference; lastKnownFileType = file.storyboard; name = Base; path = Base.lproj/Main.storyboard; sourceTree = "<group>"; };
		B1C96A981E2C66730036E559 /* Base */ = {isa = PBXFileReference; lastKnownFileType = file.storyboard; name = Base; path = Base.lproj/LaunchScreen.storyboard; sourceTree = "<group>"; };
		B1C96A9A1E2C66730036E559 /* Info.plist */ = {isa = PBXFileReference; lastKnownFileType = text.plist.xml; path = Info.plist; sourceTree = "<group>"; };
		B1C96A9F1E2C66730036E559 /* ThreadTests.xctest */ = {isa = PBXFileReference; explicitFileType = wrapper.cfbundle; includeInIndex = 0; path = ThreadTests.xctest; sourceTree = BUILT_PRODUCTS_DIR; };
		B1C96AA31E2C66730036E559 /* ThreadTests.swift */ = {isa = PBXFileReference; lastKnownFileType = sourcecode.swift; path = ThreadTests.swift; sourceTree = "<group>"; };
		B1C96AA51E2C66730036E559 /* Info.plist */ = {isa = PBXFileReference; lastKnownFileType = text.plist.xml; path = Info.plist; sourceTree = "<group>"; };
		B1C96AAA1E2C66730036E559 /* ThreadUITests.xctest */ = {isa = PBXFileReference; explicitFileType = wrapper.cfbundle; includeInIndex = 0; path = ThreadUITests.xctest; sourceTree = BUILT_PRODUCTS_DIR; };
		B1C96AAE1E2C66730036E559 /* ThreadUITests.swift */ = {isa = PBXFileReference; lastKnownFileType = sourcecode.swift; path = ThreadUITests.swift; sourceTree = "<group>"; };
		B1C96AB01E2C66730036E559 /* Info.plist */ = {isa = PBXFileReference; lastKnownFileType = text.plist.xml; path = Info.plist; sourceTree = "<group>"; };
		B315754A20752E20A13E984D /* Pods-Thread.release.xcconfig */ = {isa = PBXFileReference; includeInIndex = 1; lastKnownFileType = text.xcconfig; name = "Pods-Thread.release.xcconfig"; path = "Pods/Target Support Files/Pods-Thread/Pods-Thread.release.xcconfig"; sourceTree = "<group>"; };
		BEED098888EFE05ADEE3966C /* Pods-ThreadUITests.release.xcconfig */ = {isa = PBXFileReference; includeInIndex = 1; lastKnownFileType = text.xcconfig; name = "Pods-ThreadUITests.release.xcconfig"; path = "Pods/Target Support Files/Pods-ThreadUITests/Pods-ThreadUITests.release.xcconfig"; sourceTree = "<group>"; };
		CB1E9B1CE232603724C5E794 /* Pods-ThreadTests.debug.xcconfig */ = {isa = PBXFileReference; includeInIndex = 1; lastKnownFileType = text.xcconfig; name = "Pods-ThreadTests.debug.xcconfig"; path = "Pods/Target Support Files/Pods-ThreadTests/Pods-ThreadTests.debug.xcconfig"; sourceTree = "<group>"; };
/* End PBXFileReference section */

/* Begin PBXFrameworksBuildPhase section */
		B1C96A881E2C66730036E559 /* Frameworks */ = {
			isa = PBXFrameworksBuildPhase;
			buildActionMask = 2147483647;
			files = (
				0C6686D8773E8AE3E1E0D72A /* Pods_Thread.framework in Frameworks */,
			);
			runOnlyForDeploymentPostprocessing = 0;
		};
		B1C96A9C1E2C66730036E559 /* Frameworks */ = {
			isa = PBXFrameworksBuildPhase;
			buildActionMask = 2147483647;
			files = (
				3535199162A3752B698A930C /* Pods_ThreadTests.framework in Frameworks */,
			);
			runOnlyForDeploymentPostprocessing = 0;
		};
		B1C96AA71E2C66730036E559 /* Frameworks */ = {
			isa = PBXFrameworksBuildPhase;
			buildActionMask = 2147483647;
			files = (
				047A2A4DEADCCCC1006F080F /* Pods_ThreadUITests.framework in Frameworks */,
			);
			runOnlyForDeploymentPostprocessing = 0;
		};
/* End PBXFrameworksBuildPhase section */

/* Begin PBXGroup section */
		8A6D1E12CB3DD3F59AB825AD /* Pods */ = {
			isa = PBXGroup;
			children = (
				7D290579FCFE88FA818A8002 /* Pods-Thread.debug.xcconfig */,
				B315754A20752E20A13E984D /* Pods-Thread.release.xcconfig */,
				CB1E9B1CE232603724C5E794 /* Pods-ThreadTests.debug.xcconfig */,
				529A1AB9C2D28419C0D6FBF6 /* Pods-ThreadTests.release.xcconfig */,
				8976F182E6528772898954DF /* Pods-ThreadUITests.debug.xcconfig */,
				BEED098888EFE05ADEE3966C /* Pods-ThreadUITests.release.xcconfig */,
			);
			name = Pods;
			sourceTree = "<group>";
		};
		A4A8BA6A9526F6E3A61D4CBA /* Frameworks */ = {
			isa = PBXGroup;
			children = (
				9560FB66ADAA3C0318ED7771 /* Pods_Thread.framework */,
				2EB2183E2AAEB7F63B3BAF82 /* Pods_ThreadTests.framework */,
				0BE3BD1DB1BADDF10CDC9F8B /* Pods_ThreadUITests.framework */,
			);
			name = Frameworks;
			sourceTree = "<group>";
		};
		B184306A1E2D2EEB00EED632 /* Controllers */ = {
			isa = PBXGroup;
			children = (
				B163FA3E1E3051EC00EF399D /* AroundMeTableViewController.swift */,
				B18430781E2EED7300EED632 /* MeViewController.swift */,
				B1C96A901E2C66730036E559 /* LoginViewController.swift */,
				B18430741E2D4BF200EED632 /* MainViewController.swift */,
			);
			name = Controllers;
			sourceTree = "<group>";
		};
		B184306C1E2D2F4D00EED632 /* Other */ = {
			isa = PBXGroup;
			children = (
				B1C96A8E1E2C66730036E559 /* AppDelegate.swift */,
			);
			name = Other;
			sourceTree = "<group>";
		};
		B184306D1E2D2F6B00EED632 /* Supporting Files */ = {
			isa = PBXGroup;
			children = (
				B18430721E2D43E300EED632 /* GoogleService-Info.plist */,
				B1C96A9A1E2C66730036E559 /* Info.plist */,
			);
			name = "Supporting Files";
			sourceTree = "<group>";
		};
		B184306E1E2D2FD200EED632 /* Models */ = {
			isa = PBXGroup;
			children = (
			);
			name = Models;
			sourceTree = "<group>";
		};
		B184306F1E2D2FEF00EED632 /* Layouts */ = {
			isa = PBXGroup;
			children = (
				B1C96A971E2C66730036E559 /* LaunchScreen.storyboard */,
				B1C96A921E2C66730036E559 /* Main.storyboard */,
			);
			name = Layouts;
			sourceTree = "<group>";
		};
		B1C96A821E2C66730036E559 = {
			isa = PBXGroup;
			children = (
				B1C96A8D1E2C66730036E559 /* Thread */,
				B1C96AA21E2C66730036E559 /* ThreadTests */,
				B1C96AAD1E2C66730036E559 /* ThreadUITests */,
				B1C96A8C1E2C66730036E559 /* Products */,
				8A6D1E12CB3DD3F59AB825AD /* Pods */,
				A4A8BA6A9526F6E3A61D4CBA /* Frameworks */,
			);
			sourceTree = "<group>";
		};
		B1C96A8C1E2C66730036E559 /* Products */ = {
			isa = PBXGroup;
			children = (
				B1C96A8B1E2C66730036E559 /* Thread.app */,
				B1C96A9F1E2C66730036E559 /* ThreadTests.xctest */,
				B1C96AAA1E2C66730036E559 /* ThreadUITests.xctest */,
			);
			name = Products;
			sourceTree = "<group>";
		};
		B1C96A8D1E2C66730036E559 /* Thread */ = {
			isa = PBXGroup;
			children = (
				B18430701E2D3D6A00EED632 /* Thread.entitlements */,
				B184306E1E2D2FD200EED632 /* Models */,
				B184306A1E2D2EEB00EED632 /* Controllers */,
				B184307E1E2F0C8A00EED632 /* Assets.xcassets */,
				B184306F1E2D2FEF00EED632 /* Layouts */,
				B184306C1E2D2F4D00EED632 /* Other */,
				B184306D1E2D2F6B00EED632 /* Supporting Files */,
			);
			path = Thread;
			sourceTree = "<group>";
		};
		B1C96AA21E2C66730036E559 /* ThreadTests */ = {
			isa = PBXGroup;
			children = (
				B1C96AA31E2C66730036E559 /* ThreadTests.swift */,
				B1C96AA51E2C66730036E559 /* Info.plist */,
			);
			path = ThreadTests;
			sourceTree = "<group>";
		};
		B1C96AAD1E2C66730036E559 /* ThreadUITests */ = {
			isa = PBXGroup;
			children = (
				B1C96AAE1E2C66730036E559 /* ThreadUITests.swift */,
				B1C96AB01E2C66730036E559 /* Info.plist */,
			);
			path = ThreadUITests;
			sourceTree = "<group>";
		};
/* End PBXGroup section */

/* Begin PBXNativeTarget section */
		B1C96A8A1E2C66730036E559 /* Thread */ = {
			isa = PBXNativeTarget;
			buildConfigurationList = B1C96AB31E2C66730036E559 /* Build configuration list for PBXNativeTarget "Thread" */;
			buildPhases = (
				DC4403F1A5948A27E58F2618 /* [CP] Check Pods Manifest.lock */,
				B1C96A871E2C66730036E559 /* Sources */,
				B1C96A881E2C66730036E559 /* Frameworks */,
				B1C96A891E2C66730036E559 /* Resources */,
				251002B32E42631CC003100D /* [CP] Embed Pods Frameworks */,
				C5E50EF6CDE970CAB29EF8FB /* [CP] Copy Pods Resources */,
			);
			buildRules = (
			);
			dependencies = (
			);
			name = Thread;
			productName = Thread;
			productReference = B1C96A8B1E2C66730036E559 /* Thread.app */;
			productType = "com.apple.product-type.application";
		};
		B1C96A9E1E2C66730036E559 /* ThreadTests */ = {
			isa = PBXNativeTarget;
			buildConfigurationList = B1C96AB61E2C66730036E559 /* Build configuration list for PBXNativeTarget "ThreadTests" */;
			buildPhases = (
				DFE579BBFC98976FD9D49FE9 /* [CP] Check Pods Manifest.lock */,
				B1C96A9B1E2C66730036E559 /* Sources */,
				B1C96A9C1E2C66730036E559 /* Frameworks */,
				B1C96A9D1E2C66730036E559 /* Resources */,
				2ACB970383EAEE10A957F331 /* [CP] Embed Pods Frameworks */,
				EB5CA41A5175DF55D4CBBED7 /* [CP] Copy Pods Resources */,
			);
			buildRules = (
			);
			dependencies = (
				B1C96AA11E2C66730036E559 /* PBXTargetDependency */,
			);
			name = ThreadTests;
			productName = ThreadTests;
			productReference = B1C96A9F1E2C66730036E559 /* ThreadTests.xctest */;
			productType = "com.apple.product-type.bundle.unit-test";
		};
		B1C96AA91E2C66730036E559 /* ThreadUITests */ = {
			isa = PBXNativeTarget;
			buildConfigurationList = B1C96AB91E2C66730036E559 /* Build configuration list for PBXNativeTarget "ThreadUITests" */;
			buildPhases = (
				21982F2744A495580EBE92AE /* [CP] Check Pods Manifest.lock */,
				B1C96AA61E2C66730036E559 /* Sources */,
				B1C96AA71E2C66730036E559 /* Frameworks */,
				B1C96AA81E2C66730036E559 /* Resources */,
				DD2AD00B1530019BE5D09450 /* [CP] Embed Pods Frameworks */,
				B78D25926F08B4EF662B25DD /* [CP] Copy Pods Resources */,
			);
			buildRules = (
			);
			dependencies = (
				B1C96AAC1E2C66730036E559 /* PBXTargetDependency */,
			);
			name = ThreadUITests;
			productName = ThreadUITests;
			productReference = B1C96AAA1E2C66730036E559 /* ThreadUITests.xctest */;
			productType = "com.apple.product-type.bundle.ui-testing";
		};
/* End PBXNativeTarget section */

/* Begin PBXProject section */
		B1C96A831E2C66730036E559 /* Project object */ = {
			isa = PBXProject;
			attributes = {
				LastSwiftUpdateCheck = 0800;
				LastUpgradeCheck = 0800;
				ORGANIZATIONNAME = "Michael Onjack";
				TargetAttributes = {
					B1C96A8A1E2C66730036E559 = {
						CreatedOnToolsVersion = 8.0;
						DevelopmentTeam = KC3NF5E248;
						ProvisioningStyle = Automatic;
						SystemCapabilities = {
							com.apple.Keychain = {
								enabled = 1;
							};
						};
					};
					B1C96A9E1E2C66730036E559 = {
						CreatedOnToolsVersion = 8.0;
						DevelopmentTeam = KC3NF5E248;
						ProvisioningStyle = Automatic;
						TestTargetID = B1C96A8A1E2C66730036E559;
					};
					B1C96AA91E2C66730036E559 = {
						CreatedOnToolsVersion = 8.0;
						DevelopmentTeam = KC3NF5E248;
						ProvisioningStyle = Automatic;
						TestTargetID = B1C96A8A1E2C66730036E559;
					};
				};
			};
			buildConfigurationList = B1C96A861E2C66730036E559 /* Build configuration list for PBXProject "Thread" */;
			compatibilityVersion = "Xcode 3.2";
			developmentRegion = English;
			hasScannedForEncodings = 0;
			knownRegions = (
				en,
				Base,
			);
			mainGroup = B1C96A821E2C66730036E559;
			productRefGroup = B1C96A8C1E2C66730036E559 /* Products */;
			projectDirPath = "";
			projectRoot = "";
			targets = (
				B1C96A8A1E2C66730036E559 /* Thread */,
				B1C96A9E1E2C66730036E559 /* ThreadTests */,
				B1C96AA91E2C66730036E559 /* ThreadUITests */,
			);
		};
/* End PBXProject section */

/* Begin PBXResourcesBuildPhase section */
		B1C96A891E2C66730036E559 /* Resources */ = {
			isa = PBXResourcesBuildPhase;
			buildActionMask = 2147483647;
			files = (
				B1C96A991E2C66730036E559 /* LaunchScreen.storyboard in Resources */,
				B18430731E2D43E300EED632 /* GoogleService-Info.plist in Resources */,
				B184307F1E2F0C8A00EED632 /* Assets.xcassets in Resources */,
				B1C96A941E2C66730036E559 /* Main.storyboard in Resources */,
			);
			runOnlyForDeploymentPostprocessing = 0;
		};
		B1C96A9D1E2C66730036E559 /* Resources */ = {
			isa = PBXResourcesBuildPhase;
			buildActionMask = 2147483647;
			files = (
			);
			runOnlyForDeploymentPostprocessing = 0;
		};
		B1C96AA81E2C66730036E559 /* Resources */ = {
			isa = PBXResourcesBuildPhase;
			buildActionMask = 2147483647;
			files = (
			);
			runOnlyForDeploymentPostprocessing = 0;
		};
/* End PBXResourcesBuildPhase section */

/* Begin PBXShellScriptBuildPhase section */
		21982F2744A495580EBE92AE /* [CP] Check Pods Manifest.lock */ = {
			isa = PBXShellScriptBuildPhase;
			buildActionMask = 2147483647;
			files = (
			);
			inputPaths = (
			);
			name = "[CP] Check Pods Manifest.lock";
			outputPaths = (
			);
			runOnlyForDeploymentPostprocessing = 0;
			shellPath = /bin/sh;
			shellScript = "diff \"${PODS_ROOT}/../Podfile.lock\" \"${PODS_ROOT}/Manifest.lock\" > /dev/null\nif [ $? != 0 ] ; then\n    # print error to STDERR\n    echo \"error: The sandbox is not in sync with the Podfile.lock. Run 'pod install' or update your CocoaPods installation.\" >&2\n    exit 1\nfi\n";
			showEnvVarsInLog = 0;
		};
		251002B32E42631CC003100D /* [CP] Embed Pods Frameworks */ = {
			isa = PBXShellScriptBuildPhase;
			buildActionMask = 2147483647;
			files = (
			);
			inputPaths = (
			);
			name = "[CP] Embed Pods Frameworks";
			outputPaths = (
			);
			runOnlyForDeploymentPostprocessing = 0;
			shellPath = /bin/sh;
			shellScript = "\"${SRCROOT}/Pods/Target Support Files/Pods-Thread/Pods-Thread-frameworks.sh\"\n";
			showEnvVarsInLog = 0;
		};
		2ACB970383EAEE10A957F331 /* [CP] Embed Pods Frameworks */ = {
			isa = PBXShellScriptBuildPhase;
			buildActionMask = 2147483647;
			files = (
			);
			inputPaths = (
			);
			name = "[CP] Embed Pods Frameworks";
			outputPaths = (
			);
			runOnlyForDeploymentPostprocessing = 0;
			shellPath = /bin/sh;
			shellScript = "\"${SRCROOT}/Pods/Target Support Files/Pods-ThreadTests/Pods-ThreadTests-frameworks.sh\"\n";
			showEnvVarsInLog = 0;
		};
		B78D25926F08B4EF662B25DD /* [CP] Copy Pods Resources */ = {
			isa = PBXShellScriptBuildPhase;
			buildActionMask = 2147483647;
			files = (
			);
			inputPaths = (
			);
			name = "[CP] Copy Pods Resources";
			outputPaths = (
			);
			runOnlyForDeploymentPostprocessing = 0;
			shellPath = /bin/sh;
			shellScript = "\"${SRCROOT}/Pods/Target Support Files/Pods-ThreadUITests/Pods-ThreadUITests-resources.sh\"\n";
			showEnvVarsInLog = 0;
		};
		C5E50EF6CDE970CAB29EF8FB /* [CP] Copy Pods Resources */ = {
			isa = PBXShellScriptBuildPhase;
			buildActionMask = 2147483647;
			files = (
			);
			inputPaths = (
			);
			name = "[CP] Copy Pods Resources";
			outputPaths = (
			);
			runOnlyForDeploymentPostprocessing = 0;
			shellPath = /bin/sh;
			shellScript = "\"${SRCROOT}/Pods/Target Support Files/Pods-Thread/Pods-Thread-resources.sh\"\n";
			showEnvVarsInLog = 0;
		};
		DC4403F1A5948A27E58F2618 /* [CP] Check Pods Manifest.lock */ = {
			isa = PBXShellScriptBuildPhase;
			buildActionMask = 2147483647;
			files = (
			);
			inputPaths = (
			);
			name = "[CP] Check Pods Manifest.lock";
			outputPaths = (
			);
			runOnlyForDeploymentPostprocessing = 0;
			shellPath = /bin/sh;
			shellScript = "diff \"${PODS_ROOT}/../Podfile.lock\" \"${PODS_ROOT}/Manifest.lock\" > /dev/null\nif [ $? != 0 ] ; then\n    # print error to STDERR\n    echo \"error: The sandbox is not in sync with the Podfile.lock. Run 'pod install' or update your CocoaPods installation.\" >&2\n    exit 1\nfi\n";
			showEnvVarsInLog = 0;
		};
		DD2AD00B1530019BE5D09450 /* [CP] Embed Pods Frameworks */ = {
			isa = PBXShellScriptBuildPhase;
			buildActionMask = 2147483647;
			files = (
			);
			inputPaths = (
			);
			name = "[CP] Embed Pods Frameworks";
			outputPaths = (
			);
			runOnlyForDeploymentPostprocessing = 0;
			shellPath = /bin/sh;
			shellScript = "\"${SRCROOT}/Pods/Target Support Files/Pods-ThreadUITests/Pods-ThreadUITests-frameworks.sh\"\n";
			showEnvVarsInLog = 0;
		};
		DFE579BBFC98976FD9D49FE9 /* [CP] Check Pods Manifest.lock */ = {
			isa = PBXShellScriptBuildPhase;
			buildActionMask = 2147483647;
			files = (
			);
			inputPaths = (
			);
			name = "[CP] Check Pods Manifest.lock";
			outputPaths = (
			);
			runOnlyForDeploymentPostprocessing = 0;
			shellPath = /bin/sh;
			shellScript = "diff \"${PODS_ROOT}/../Podfile.lock\" \"${PODS_ROOT}/Manifest.lock\" > /dev/null\nif [ $? != 0 ] ; then\n    # print error to STDERR\n    echo \"error: The sandbox is not in sync with the Podfile.lock. Run 'pod install' or update your CocoaPods installation.\" >&2\n    exit 1\nfi\n";
			showEnvVarsInLog = 0;
		};
		EB5CA41A5175DF55D4CBBED7 /* [CP] Copy Pods Resources */ = {
			isa = PBXShellScriptBuildPhase;
			buildActionMask = 2147483647;
			files = (
			);
			inputPaths = (
			);
			name = "[CP] Copy Pods Resources";
			outputPaths = (
			);
			runOnlyForDeploymentPostprocessing = 0;
			shellPath = /bin/sh;
			shellScript = "\"${SRCROOT}/Pods/Target Support Files/Pods-ThreadTests/Pods-ThreadTests-resources.sh\"\n";
			showEnvVarsInLog = 0;
		};
/* End PBXShellScriptBuildPhase section */

/* Begin PBXSourcesBuildPhase section */
		B1C96A871E2C66730036E559 /* Sources */ = {
			isa = PBXSourcesBuildPhase;
			buildActionMask = 2147483647;
			files = (
				B18430751E2D4BF200EED632 /* MainViewController.swift in Sources */,
				B1C96A911E2C66730036E559 /* LoginViewController.swift in Sources */,
				B163FA3F1E3051EC00EF399D /* AroundMeTableViewController.swift in Sources */,
				B18430791E2EED7300EED632 /* MeViewController.swift in Sources */,
				B1C96A8F1E2C66730036E559 /* AppDelegate.swift in Sources */,
			);
			runOnlyForDeploymentPostprocessing = 0;
		};
		B1C96A9B1E2C66730036E559 /* Sources */ = {
			isa = PBXSourcesBuildPhase;
			buildActionMask = 2147483647;
			files = (
				B1C96AA41E2C66730036E559 /* ThreadTests.swift in Sources */,
			);
			runOnlyForDeploymentPostprocessing = 0;
		};
		B1C96AA61E2C66730036E559 /* Sources */ = {
			isa = PBXSourcesBuildPhase;
			buildActionMask = 2147483647;
			files = (
				B1C96AAF1E2C66730036E559 /* ThreadUITests.swift in Sources */,
			);
			runOnlyForDeploymentPostprocessing = 0;
		};
/* End PBXSourcesBuildPhase section */

/* Begin PBXTargetDependency section */
		B1C96AA11E2C66730036E559 /* PBXTargetDependency */ = {
			isa = PBXTargetDependency;
			target = B1C96A8A1E2C66730036E559 /* Thread */;
			targetProxy = B1C96AA01E2C66730036E559 /* PBXContainerItemProxy */;
		};
		B1C96AAC1E2C66730036E559 /* PBXTargetDependency */ = {
			isa = PBXTargetDependency;
			target = B1C96A8A1E2C66730036E559 /* Thread */;
			targetProxy = B1C96AAB1E2C66730036E559 /* PBXContainerItemProxy */;
		};
/* End PBXTargetDependency section */

/* Begin PBXVariantGroup section */
		B1C96A921E2C66730036E559 /* Main.storyboard */ = {
			isa = PBXVariantGroup;
			children = (
				B1C96A931E2C66730036E559 /* Base */,
			);
			name = Main.storyboard;
			sourceTree = "<group>";
		};
		B1C96A971E2C66730036E559 /* LaunchScreen.storyboard */ = {
			isa = PBXVariantGroup;
			children = (
				B1C96A981E2C66730036E559 /* Base */,
			);
			name = LaunchScreen.storyboard;
			sourceTree = "<group>";
		};
/* End PBXVariantGroup section */

/* Begin XCBuildConfiguration section */
		B1C96AB11E2C66730036E559 /* Debug */ = {
			isa = XCBuildConfiguration;
			buildSettings = {
				ALWAYS_SEARCH_USER_PATHS = NO;
				CLANG_ANALYZER_NONNULL = YES;
				CLANG_CXX_LANGUAGE_STANDARD = "gnu++0x";
				CLANG_CXX_LIBRARY = "libc++";
				CLANG_ENABLE_MODULES = YES;
				CLANG_ENABLE_OBJC_ARC = YES;
				CLANG_WARN_BOOL_CONVERSION = YES;
				CLANG_WARN_CONSTANT_CONVERSION = YES;
				CLANG_WARN_DIRECT_OBJC_ISA_USAGE = YES_ERROR;
				CLANG_WARN_DOCUMENTATION_COMMENTS = YES;
				CLANG_WARN_EMPTY_BODY = YES;
				CLANG_WARN_ENUM_CONVERSION = YES;
				CLANG_WARN_INFINITE_RECURSION = YES;
				CLANG_WARN_INT_CONVERSION = YES;
				CLANG_WARN_OBJC_ROOT_CLASS = YES_ERROR;
				CLANG_WARN_SUSPICIOUS_MOVES = YES;
				CLANG_WARN_UNREACHABLE_CODE = YES;
				CLANG_WARN__DUPLICATE_METHOD_MATCH = YES;
				"CODE_SIGN_IDENTITY[sdk=iphoneos*]" = "iPhone Developer";
				COPY_PHASE_STRIP = NO;
				DEBUG_INFORMATION_FORMAT = dwarf;
				ENABLE_STRICT_OBJC_MSGSEND = YES;
				ENABLE_TESTABILITY = YES;
				GCC_C_LANGUAGE_STANDARD = gnu99;
				GCC_DYNAMIC_NO_PIC = NO;
				GCC_NO_COMMON_BLOCKS = YES;
				GCC_OPTIMIZATION_LEVEL = 0;
				GCC_PREPROCESSOR_DEFINITIONS = (
					"DEBUG=1",
					"$(inherited)",
				);
				GCC_WARN_64_TO_32_BIT_CONVERSION = YES;
				GCC_WARN_ABOUT_RETURN_TYPE = YES_ERROR;
				GCC_WARN_UNDECLARED_SELECTOR = YES;
				GCC_WARN_UNINITIALIZED_AUTOS = YES_AGGRESSIVE;
				GCC_WARN_UNUSED_FUNCTION = YES;
				GCC_WARN_UNUSED_VARIABLE = YES;
				IPHONEOS_DEPLOYMENT_TARGET = 10.0;
				MTL_ENABLE_DEBUG_INFO = YES;
				ONLY_ACTIVE_ARCH = YES;
				SDKROOT = iphoneos;
				SWIFT_ACTIVE_COMPILATION_CONDITIONS = DEBUG;
				SWIFT_OPTIMIZATION_LEVEL = "-Onone";
			};
			name = Debug;
		};
		B1C96AB21E2C66730036E559 /* Release */ = {
			isa = XCBuildConfiguration;
			buildSettings = {
				ALWAYS_SEARCH_USER_PATHS = NO;
				CLANG_ANALYZER_NONNULL = YES;
				CLANG_CXX_LANGUAGE_STANDARD = "gnu++0x";
				CLANG_CXX_LIBRARY = "libc++";
				CLANG_ENABLE_MODULES = YES;
				CLANG_ENABLE_OBJC_ARC = YES;
				CLANG_WARN_BOOL_CONVERSION = YES;
				CLANG_WARN_CONSTANT_CONVERSION = YES;
				CLANG_WARN_DIRECT_OBJC_ISA_USAGE = YES_ERROR;
				CLANG_WARN_DOCUMENTATION_COMMENTS = YES;
				CLANG_WARN_EMPTY_BODY = YES;
				CLANG_WARN_ENUM_CONVERSION = YES;
				CLANG_WARN_INFINITE_RECURSION = YES;
				CLANG_WARN_INT_CONVERSION = YES;
				CLANG_WARN_OBJC_ROOT_CLASS = YES_ERROR;
				CLANG_WARN_SUSPICIOUS_MOVES = YES;
				CLANG_WARN_UNREACHABLE_CODE = YES;
				CLANG_WARN__DUPLICATE_METHOD_MATCH = YES;
				"CODE_SIGN_IDENTITY[sdk=iphoneos*]" = "iPhone Developer";
				COPY_PHASE_STRIP = NO;
				DEBUG_INFORMATION_FORMAT = "dwarf-with-dsym";
				ENABLE_NS_ASSERTIONS = NO;
				ENABLE_STRICT_OBJC_MSGSEND = YES;
				GCC_C_LANGUAGE_STANDARD = gnu99;
				GCC_NO_COMMON_BLOCKS = YES;
				GCC_WARN_64_TO_32_BIT_CONVERSION = YES;
				GCC_WARN_ABOUT_RETURN_TYPE = YES_ERROR;
				GCC_WARN_UNDECLARED_SELECTOR = YES;
				GCC_WARN_UNINITIALIZED_AUTOS = YES_AGGRESSIVE;
				GCC_WARN_UNUSED_FUNCTION = YES;
				GCC_WARN_UNUSED_VARIABLE = YES;
				IPHONEOS_DEPLOYMENT_TARGET = 10.0;
				MTL_ENABLE_DEBUG_INFO = NO;
				SDKROOT = iphoneos;
				SWIFT_OPTIMIZATION_LEVEL = "-Owholemodule";
				VALIDATE_PRODUCT = YES;
			};
			name = Release;
		};
		B1C96AB41E2C66730036E559 /* Debug */ = {
			isa = XCBuildConfiguration;
			baseConfigurationReference = 7D290579FCFE88FA818A8002 /* Pods-Thread.debug.xcconfig */;
			buildSettings = {
				ASSETCATALOG_COMPILER_APPICON_NAME = AppIcon;
				CODE_SIGN_ENTITLEMENTS = Thread/Thread.entitlements;
				DEVELOPMENT_TEAM = KC3NF5E248;
				INFOPLIST_FILE = Thread/Info.plist;
				LD_RUNPATH_SEARCH_PATHS = "$(inherited) @executable_path/Frameworks";
				PRODUCT_BUNDLE_IDENTIFIER = com.michaelonjack.Thread;
				PRODUCT_NAME = "$(TARGET_NAME)";
				SWIFT_VERSION = 3.0;
			};
			name = Debug;
		};
		B1C96AB51E2C66730036E559 /* Release */ = {
			isa = XCBuildConfiguration;
			baseConfigurationReference = B315754A20752E20A13E984D /* Pods-Thread.release.xcconfig */;
			buildSettings = {
				ASSETCATALOG_COMPILER_APPICON_NAME = AppIcon;
				CODE_SIGN_ENTITLEMENTS = Thread/Thread.entitlements;
				DEVELOPMENT_TEAM = KC3NF5E248;
				INFOPLIST_FILE = Thread/Info.plist;
				LD_RUNPATH_SEARCH_PATHS = "$(inherited) @executable_path/Frameworks";
				PRODUCT_BUNDLE_IDENTIFIER = com.michaelonjack.Thread;
				PRODUCT_NAME = "$(TARGET_NAME)";
				SWIFT_VERSION = 3.0;
			};
			name = Release;
		};
		B1C96AB71E2C66730036E559 /* Debug */ = {
			isa = XCBuildConfiguration;
			baseConfigurationReference = CB1E9B1CE232603724C5E794 /* Pods-ThreadTests.debug.xcconfig */;
			buildSettings = {
				ALWAYS_EMBED_SWIFT_STANDARD_LIBRARIES = YES;
				BUNDLE_LOADER = "$(TEST_HOST)";
				DEVELOPMENT_TEAM = KC3NF5E248;
				INFOPLIST_FILE = ThreadTests/Info.plist;
				LD_RUNPATH_SEARCH_PATHS = "$(inherited) @executable_path/Frameworks @loader_path/Frameworks";
				PRODUCT_BUNDLE_IDENTIFIER = com.michaelonjack.ThreadTests;
				PRODUCT_NAME = "$(TARGET_NAME)";
				SWIFT_VERSION = 3.0;
				TEST_HOST = "$(BUILT_PRODUCTS_DIR)/Thread.app/Thread";
			};
			name = Debug;
		};
		B1C96AB81E2C66730036E559 /* Release */ = {
			isa = XCBuildConfiguration;
			baseConfigurationReference = 529A1AB9C2D28419C0D6FBF6 /* Pods-ThreadTests.release.xcconfig */;
			buildSettings = {
				ALWAYS_EMBED_SWIFT_STANDARD_LIBRARIES = YES;
				BUNDLE_LOADER = "$(TEST_HOST)";
				DEVELOPMENT_TEAM = KC3NF5E248;
				INFOPLIST_FILE = ThreadTests/Info.plist;
				LD_RUNPATH_SEARCH_PATHS = "$(inherited) @executable_path/Frameworks @loader_path/Frameworks";
				PRODUCT_BUNDLE_IDENTIFIER = com.michaelonjack.ThreadTests;
				PRODUCT_NAME = "$(TARGET_NAME)";
				SWIFT_VERSION = 3.0;
				TEST_HOST = "$(BUILT_PRODUCTS_DIR)/Thread.app/Thread";
			};
			name = Release;
		};
		B1C96ABA1E2C66730036E559 /* Debug */ = {
			isa = XCBuildConfiguration;
			baseConfigurationReference = 8976F182E6528772898954DF /* Pods-ThreadUITests.debug.xcconfig */;
			buildSettings = {
				ALWAYS_EMBED_SWIFT_STANDARD_LIBRARIES = YES;
				DEVELOPMENT_TEAM = KC3NF5E248;
				INFOPLIST_FILE = ThreadUITests/Info.plist;
				LD_RUNPATH_SEARCH_PATHS = "$(inherited) @executable_path/Frameworks @loader_path/Frameworks";
				PRODUCT_BUNDLE_IDENTIFIER = com.michaelonjack.ThreadUITests;
				PRODUCT_NAME = "$(TARGET_NAME)";
				SWIFT_VERSION = 3.0;
				TEST_TARGET_NAME = Thread;
			};
			name = Debug;
		};
		B1C96ABB1E2C66730036E559 /* Release */ = {
			isa = XCBuildConfiguration;
			baseConfigurationReference = BEED098888EFE05ADEE3966C /* Pods-ThreadUITests.release.xcconfig */;
			buildSettings = {
				ALWAYS_EMBED_SWIFT_STANDARD_LIBRARIES = YES;
				DEVELOPMENT_TEAM = KC3NF5E248;
				INFOPLIST_FILE = ThreadUITests/Info.plist;
				LD_RUNPATH_SEARCH_PATHS = "$(inherited) @executable_path/Frameworks @loader_path/Frameworks";
				PRODUCT_BUNDLE_IDENTIFIER = com.michaelonjack.ThreadUITests;
				PRODUCT_NAME = "$(TARGET_NAME)";
				SWIFT_VERSION = 3.0;
				TEST_TARGET_NAME = Thread;
			};
			name = Release;
		};
/* End XCBuildConfiguration section */

/* Begin XCConfigurationList section */
		B1C96A861E2C66730036E559 /* Build configuration list for PBXProject "Thread" */ = {
			isa = XCConfigurationList;
			buildConfigurations = (
				B1C96AB11E2C66730036E559 /* Debug */,
				B1C96AB21E2C66730036E559 /* Release */,
			);
			defaultConfigurationIsVisible = 0;
			defaultConfigurationName = Release;
		};
		B1C96AB31E2C66730036E559 /* Build configuration list for PBXNativeTarget "Thread" */ = {
			isa = XCConfigurationList;
			buildConfigurations = (
				B1C96AB41E2C66730036E559 /* Debug */,
				B1C96AB51E2C66730036E559 /* Release */,
			);
			defaultConfigurationIsVisible = 0;
			defaultConfigurationName = Release;
		};
		B1C96AB61E2C66730036E559 /* Build configuration list for PBXNativeTarget "ThreadTests" */ = {
			isa = XCConfigurationList;
			buildConfigurations = (
				B1C96AB71E2C66730036E559 /* Debug */,
				B1C96AB81E2C66730036E559 /* Release */,
			);
			defaultConfigurationIsVisible = 0;
			defaultConfigurationName = Release;
		};
		B1C96AB91E2C66730036E559 /* Build configuration list for PBXNativeTarget "ThreadUITests" */ = {
			isa = XCConfigurationList;
			buildConfigurations = (
				B1C96ABA1E2C66730036E559 /* Debug */,
				B1C96ABB1E2C66730036E559 /* Release */,
			);
			defaultConfigurationIsVisible = 0;
			defaultConfigurationName = Release;
		};
/* End XCConfigurationList section */
	};
	rootObject = B1C96A831E2C66730036E559 /* Project object */;
}
