// !$*UTF8*$!
{
	archiveVersion = 1;
	classes = {
	};
	objectVersion = 46;
	objects = {

/* Begin PBXBuildFile section */
		047A2A4DEADCCCC1006F080F /* Pods_ThreadUITests.framework in Frameworks */ = {isa = PBXBuildFile; fileRef = 0BE3BD1DB1BADDF10CDC9F8B /* Pods_ThreadUITests.framework */; };
		0C6686D8773E8AE3E1E0D72A /* Pods_Thread.framework in Frameworks */ = {isa = PBXBuildFile; fileRef = 9560FB66ADAA3C0318ED7771 /* Pods_Thread.framework */; };
		3535199162A3752B698A930C /* Pods_ThreadTests.framework in Frameworks */ = {isa = PBXBuildFile; fileRef = 2EB2183E2AAEB7F63B3BAF82 /* Pods_ThreadTests.framework */; };
		B11CBD502205CFB200D6620B /* UIColor+Additions.swift in Sources */ = {isa = PBXBuildFile; fileRef = B11CBD4F2205CFB200D6620B /* UIColor+Additions.swift */; };
		B1377C57220E66C900C06F46 /* ClosetUpdateOptionsViewController.swift in Sources */ = {isa = PBXBuildFile; fileRef = B1377C56220E66C900C06F46 /* ClosetUpdateOptionsViewController.swift */; };
		B157D4A12205E1BC00D83CDB /* Configuration.swift in Sources */ = {isa = PBXBuildFile; fileRef = B157D4A02205E1BC00D83CDB /* Configuration.swift */; };
		B157D4A42206147D00D83CDB /* UserProfileViewController.swift in Sources */ = {isa = PBXBuildFile; fileRef = B157D4A32206147D00D83CDB /* UserProfileViewController.swift */; };
		B157D4A722061F0300D83CDB /* ImageCollectionViewCell.swift in Sources */ = {isa = PBXBuildFile; fileRef = B157D4A622061F0300D83CDB /* ImageCollectionViewCell.swift */; };
		B157D4AB2206452100D83CDB /* UserProfileStatsView.swift in Sources */ = {isa = PBXBuildFile; fileRef = B157D4AA2206452100D83CDB /* UserProfileStatsView.swift */; };
		B157D4AF22065ADD00D83CDB /* UserProfileSummaryView.swift in Sources */ = {isa = PBXBuildFile; fileRef = B157D4AE22065ADD00D83CDB /* UserProfileSummaryView.swift */; };
		B157D4B122065B3900D83CDB /* UserProfileFeedView.swift in Sources */ = {isa = PBXBuildFile; fileRef = B157D4B022065B3900D83CDB /* UserProfileFeedView.swift */; };
		B174D0261E36C8E900218590 /* APIKeys.plist in Resources */ = {isa = PBXBuildFile; fileRef = B174D0251E36C8E900218590 /* APIKeys.plist */; };
		B174D0281E36CAC700218590 /* APIHelper.swift in Sources */ = {isa = PBXBuildFile; fileRef = B174D0271E36CAC700218590 /* APIHelper.swift */; };
		B174D02A1E36D2A300218590 /* ClothingItem.swift in Sources */ = {isa = PBXBuildFile; fileRef = B174D0291E36D2A300218590 /* ClothingItem.swift */; };
		B174D02E1E36DE0B00218590 /* ClothingType.swift in Sources */ = {isa = PBXBuildFile; fileRef = B174D02D1E36DE0B00218590 /* ClothingType.swift */; };
		B183EE152207A8A90065A9F1 /* ClosetDetailsView.swift in Sources */ = {isa = PBXBuildFile; fileRef = B183EE142207A8A90065A9F1 /* ClosetDetailsView.swift */; };
		B183EE17220BC5CF0065A9F1 /* LoginButtonsView.swift in Sources */ = {isa = PBXBuildFile; fileRef = B183EE16220BC5CF0065A9F1 /* LoginButtonsView.swift */; };
		B183EE19220BCE800065A9F1 /* LoginView.swift in Sources */ = {isa = PBXBuildFile; fileRef = B183EE18220BCE800065A9F1 /* LoginView.swift */; };
		B183EE1B220BCEDC0065A9F1 /* SignUpView.swift in Sources */ = {isa = PBXBuildFile; fileRef = B183EE1A220BCEDC0065A9F1 /* SignUpView.swift */; };
		B18430731E2D43E300EED632 /* GoogleService-Info.plist in Resources */ = {isa = PBXBuildFile; fileRef = B18430721E2D43E300EED632 /* GoogleService-Info.plist */; };
		B184307F1E2F0C8A00EED632 /* Assets.xcassets in Resources */ = {isa = PBXBuildFile; fileRef = B184307E1E2F0C8A00EED632 /* Assets.xcassets */; };
		B18430861E33B03A00EED632 /* User.swift in Sources */ = {isa = PBXBuildFile; fileRef = B18430851E33B03A00EED632 /* User.swift */; };
		B1A11D411EFEC4AB00E16169 /* DatabaseHelper.swift in Sources */ = {isa = PBXBuildFile; fileRef = B1A11D401EFEC4AB00E16169 /* DatabaseHelper.swift */; };
		B1C2D48C220D2B7D00AD36BA /* UIView+Additions.swift in Sources */ = {isa = PBXBuildFile; fileRef = B1C2D48B220D2B7D00AD36BA /* UIView+Additions.swift */; };
		B1C8161A220F836600B35B43 /* ClothingItemSearchViewController.swift in Sources */ = {isa = PBXBuildFile; fileRef = B1C81619220F836600B35B43 /* ClothingItemSearchViewController.swift */; };
		B1C8161C220F853D00B35B43 /* ClothingItemSearchBar.swift in Sources */ = {isa = PBXBuildFile; fileRef = B1C8161B220F853D00B35B43 /* ClothingItemSearchBar.swift */; };
		B1C81620220F960E00B35B43 /* ClothingItemTableView.swift in Sources */ = {isa = PBXBuildFile; fileRef = B1C8161F220F960E00B35B43 /* ClothingItemTableView.swift */; };
		B1C81622220F96CE00B35B43 /* ClothingItemTableViewCell.swift in Sources */ = {isa = PBXBuildFile; fileRef = B1C81621220F96CE00B35B43 /* ClothingItemTableViewCell.swift */; };
		B1C96A8F1E2C66730036E559 /* AppDelegate.swift in Sources */ = {isa = PBXBuildFile; fileRef = B1C96A8E1E2C66730036E559 /* AppDelegate.swift */; };
		B1C96A911E2C66730036E559 /* LoginViewController.swift in Sources */ = {isa = PBXBuildFile; fileRef = B1C96A901E2C66730036E559 /* LoginViewController.swift */; };
		B1C96A941E2C66730036E559 /* Main.storyboard in Resources */ = {isa = PBXBuildFile; fileRef = B1C96A921E2C66730036E559 /* Main.storyboard */; };
		B1C96A991E2C66730036E559 /* LaunchScreen.storyboard in Resources */ = {isa = PBXBuildFile; fileRef = B1C96A971E2C66730036E559 /* LaunchScreen.storyboard */; };
		B1C96AA41E2C66730036E559 /* ThreadTests.swift in Sources */ = {isa = PBXBuildFile; fileRef = B1C96AA31E2C66730036E559 /* ThreadTests.swift */; };
		B1C96AAF1E2C66730036E559 /* ThreadUITests.swift in Sources */ = {isa = PBXBuildFile; fileRef = B1C96AAE1E2C66730036E559 /* ThreadUITests.swift */; };
		B1DB7EF02206B99700F3C4D9 /* FeedCollectionViewCell.swift in Sources */ = {isa = PBXBuildFile; fileRef = B1DB7EEF2206B99700F3C4D9 /* FeedCollectionViewCell.swift */; };
		B1DB7EF222071A2C00F3C4D9 /* ClosetViewController.swift in Sources */ = {isa = PBXBuildFile; fileRef = B1DB7EF122071A2C00F3C4D9 /* ClosetViewController.swift */; };
		B1DB7EF42207220D00F3C4D9 /* ClosetItemCollectionViewCell.swift in Sources */ = {isa = PBXBuildFile; fileRef = B1DB7EF32207220D00F3C4D9 /* ClosetItemCollectionViewCell.swift */; };
		B1DB7EF62207231300F3C4D9 /* ClosetClothingItemsView.swift in Sources */ = {isa = PBXBuildFile; fileRef = B1DB7EF52207231300F3C4D9 /* ClosetClothingItemsView.swift */; };
		B1DC8192220E8CDF0005278D /* ClothingItemEditViewController.swift in Sources */ = {isa = PBXBuildFile; fileRef = B1DC8191220E8CDF0005278D /* ClothingItemEditViewController.swift */; };
		B1DC8194220EF00A0005278D /* ClothingItemEditView.swift in Sources */ = {isa = PBXBuildFile; fileRef = B1DC8193220EF00A0005278D /* ClothingItemEditView.swift */; };
		B1DC8198220F1FB50005278D /* ClosetDetailsTextView.swift in Sources */ = {isa = PBXBuildFile; fileRef = B1DC8197220F1FB50005278D /* ClosetDetailsTextView.swift */; };
		B1DC819B2210D24B0005278D /* ClothingItemTableCellDelegate.swift in Sources */ = {isa = PBXBuildFile; fileRef = B1DC819A2210D24B0005278D /* ClothingItemTableCellDelegate.swift */; };
		B1F7596122073B6600CC3412 /* ClosetSelectionCollectionViewCell.swift in Sources */ = {isa = PBXBuildFile; fileRef = B1F7596022073B6600CC3412 /* ClosetSelectionCollectionViewCell.swift */; };
		B1FE8219220939D9006AFD43 /* Coordinator.swift in Sources */ = {isa = PBXBuildFile; fileRef = B1FE8218220939D9006AFD43 /* Coordinator.swift */; };
		B1FE821B22093A49006AFD43 /* MainCoordinator.swift in Sources */ = {isa = PBXBuildFile; fileRef = B1FE821A22093A49006AFD43 /* MainCoordinator.swift */; };
		B1FE821F22093C32006AFD43 /* Storyboarded.swift in Sources */ = {isa = PBXBuildFile; fileRef = B1FE821E22093C32006AFD43 /* Storyboarded.swift */; };
		B1FE8221220947DA006AFD43 /* CoordinatorNavigationController.swift in Sources */ = {isa = PBXBuildFile; fileRef = B1FE8220220947DA006AFD43 /* CoordinatorNavigationController.swift */; };
		B1FE8227220A1CA4006AFD43 /* ActiveUserCoordinator.swift in Sources */ = {isa = PBXBuildFile; fileRef = B1FE8226220A1CA4006AFD43 /* ActiveUserCoordinator.swift */; };
		B1FE822B220CC7C9006AFD43 /* UnderlinedTextFieldView.swift in Sources */ = {isa = PBXBuildFile; fileRef = B1FE822A220CC7C9006AFD43 /* UnderlinedTextFieldView.swift */; };
		B1FE822D220CFC88006AFD43 /* LoginAboutView.swift in Sources */ = {isa = PBXBuildFile; fileRef = B1FE822C220CFC88006AFD43 /* LoginAboutView.swift */; };
		B1FE822F220D000A006AFD43 /* LoginAboutCollectionViewCell.swift in Sources */ = {isa = PBXBuildFile; fileRef = B1FE822E220D000A006AFD43 /* LoginAboutCollectionViewCell.swift */; };
/* End PBXBuildFile section */

/* Begin PBXContainerItemProxy section */
		B1C96AA01E2C66730036E559 /* PBXContainerItemProxy */ = {
			isa = PBXContainerItemProxy;
			containerPortal = B1C96A831E2C66730036E559 /* Project object */;
			proxyType = 1;
			remoteGlobalIDString = B1C96A8A1E2C66730036E559;
			remoteInfo = Thread;
		};
		B1C96AAB1E2C66730036E559 /* PBXContainerItemProxy */ = {
			isa = PBXContainerItemProxy;
			containerPortal = B1C96A831E2C66730036E559 /* Project object */;
			proxyType = 1;
			remoteGlobalIDString = B1C96A8A1E2C66730036E559;
			remoteInfo = Thread;
		};
/* End PBXContainerItemProxy section */

/* Begin PBXFileReference section */
		0BE3BD1DB1BADDF10CDC9F8B /* Pods_ThreadUITests.framework */ = {isa = PBXFileReference; explicitFileType = wrapper.framework; includeInIndex = 0; path = Pods_ThreadUITests.framework; sourceTree = BUILT_PRODUCTS_DIR; };
		2EB2183E2AAEB7F63B3BAF82 /* Pods_ThreadTests.framework */ = {isa = PBXFileReference; explicitFileType = wrapper.framework; includeInIndex = 0; path = Pods_ThreadTests.framework; sourceTree = BUILT_PRODUCTS_DIR; };
		529A1AB9C2D28419C0D6FBF6 /* Pods-ThreadTests.release.xcconfig */ = {isa = PBXFileReference; includeInIndex = 1; lastKnownFileType = text.xcconfig; name = "Pods-ThreadTests.release.xcconfig"; path = "Pods/Target Support Files/Pods-ThreadTests/Pods-ThreadTests.release.xcconfig"; sourceTree = "<group>"; };
		7D290579FCFE88FA818A8002 /* Pods-Thread.debug.xcconfig */ = {isa = PBXFileReference; includeInIndex = 1; lastKnownFileType = text.xcconfig; name = "Pods-Thread.debug.xcconfig"; path = "Pods/Target Support Files/Pods-Thread/Pods-Thread.debug.xcconfig"; sourceTree = "<group>"; };
		8976F182E6528772898954DF /* Pods-ThreadUITests.debug.xcconfig */ = {isa = PBXFileReference; includeInIndex = 1; lastKnownFileType = text.xcconfig; name = "Pods-ThreadUITests.debug.xcconfig"; path = "Pods/Target Support Files/Pods-ThreadUITests/Pods-ThreadUITests.debug.xcconfig"; sourceTree = "<group>"; };
		9560FB66ADAA3C0318ED7771 /* Pods_Thread.framework */ = {isa = PBXFileReference; explicitFileType = wrapper.framework; includeInIndex = 0; path = Pods_Thread.framework; sourceTree = BUILT_PRODUCTS_DIR; };
		B11CBD462205CD8C00D6620B /* Thread.entitlements */ = {isa = PBXFileReference; lastKnownFileType = text.plist.entitlements; path = Thread.entitlements; sourceTree = "<group>"; };
		B11CBD4F2205CFB200D6620B /* UIColor+Additions.swift */ = {isa = PBXFileReference; lastKnownFileType = sourcecode.swift; path = "UIColor+Additions.swift"; sourceTree = "<group>"; };
		B1377C56220E66C900C06F46 /* ClosetUpdateOptionsViewController.swift */ = {isa = PBXFileReference; lastKnownFileType = sourcecode.swift; path = ClosetUpdateOptionsViewController.swift; sourceTree = "<group>"; };
		B157D49F2205E18100D83CDB /* Thread-Bridging-Header.h */ = {isa = PBXFileReference; lastKnownFileType = sourcecode.c.h; path = "Thread-Bridging-Header.h"; sourceTree = "<group>"; };
		B157D4A02205E1BC00D83CDB /* Configuration.swift */ = {isa = PBXFileReference; lastKnownFileType = sourcecode.swift; path = Configuration.swift; sourceTree = "<group>"; };
		B157D4A32206147D00D83CDB /* UserProfileViewController.swift */ = {isa = PBXFileReference; lastKnownFileType = sourcecode.swift; path = UserProfileViewController.swift; sourceTree = "<group>"; };
		B157D4A622061F0300D83CDB /* ImageCollectionViewCell.swift */ = {isa = PBXFileReference; lastKnownFileType = sourcecode.swift; path = ImageCollectionViewCell.swift; sourceTree = "<group>"; };
		B157D4AA2206452100D83CDB /* UserProfileStatsView.swift */ = {isa = PBXFileReference; lastKnownFileType = sourcecode.swift; path = UserProfileStatsView.swift; sourceTree = "<group>"; };
		B157D4AE22065ADD00D83CDB /* UserProfileSummaryView.swift */ = {isa = PBXFileReference; lastKnownFileType = sourcecode.swift; path = UserProfileSummaryView.swift; sourceTree = "<group>"; };
		B157D4B022065B3900D83CDB /* UserProfileFeedView.swift */ = {isa = PBXFileReference; lastKnownFileType = sourcecode.swift; path = UserProfileFeedView.swift; sourceTree = "<group>"; };
		B174D0251E36C8E900218590 /* APIKeys.plist */ = {isa = PBXFileReference; fileEncoding = 4; lastKnownFileType = text.plist.xml; path = APIKeys.plist; sourceTree = "<group>"; };
		B174D0271E36CAC700218590 /* APIHelper.swift */ = {isa = PBXFileReference; fileEncoding = 4; lastKnownFileType = sourcecode.swift; path = APIHelper.swift; sourceTree = "<group>"; };
		B174D0291E36D2A300218590 /* ClothingItem.swift */ = {isa = PBXFileReference; fileEncoding = 4; lastKnownFileType = sourcecode.swift; path = ClothingItem.swift; sourceTree = "<group>"; };
		B174D02D1E36DE0B00218590 /* ClothingType.swift */ = {isa = PBXFileReference; fileEncoding = 4; lastKnownFileType = sourcecode.swift; path = ClothingType.swift; sourceTree = "<group>"; };
		B183EE142207A8A90065A9F1 /* ClosetDetailsView.swift */ = {isa = PBXFileReference; lastKnownFileType = sourcecode.swift; path = ClosetDetailsView.swift; sourceTree = "<group>"; };
		B183EE16220BC5CF0065A9F1 /* LoginButtonsView.swift */ = {isa = PBXFileReference; lastKnownFileType = sourcecode.swift; path = LoginButtonsView.swift; sourceTree = "<group>"; };
		B183EE18220BCE800065A9F1 /* LoginView.swift */ = {isa = PBXFileReference; lastKnownFileType = sourcecode.swift; path = LoginView.swift; sourceTree = "<group>"; };
		B183EE1A220BCEDC0065A9F1 /* SignUpView.swift */ = {isa = PBXFileReference; lastKnownFileType = sourcecode.swift; path = SignUpView.swift; sourceTree = "<group>"; };
		B18430721E2D43E300EED632 /* GoogleService-Info.plist */ = {isa = PBXFileReference; fileEncoding = 4; lastKnownFileType = text.plist.xml; path = "GoogleService-Info.plist"; sourceTree = "<group>"; };
		B184307E1E2F0C8A00EED632 /* Assets.xcassets */ = {isa = PBXFileReference; lastKnownFileType = folder.assetcatalog; path = Assets.xcassets; sourceTree = "<group>"; };
		B18430851E33B03A00EED632 /* User.swift */ = {isa = PBXFileReference; fileEncoding = 4; lastKnownFileType = sourcecode.swift; path = User.swift; sourceTree = "<group>"; };
		B1A11D401EFEC4AB00E16169 /* DatabaseHelper.swift */ = {isa = PBXFileReference; fileEncoding = 4; lastKnownFileType = sourcecode.swift; path = DatabaseHelper.swift; sourceTree = "<group>"; };
		B1C2D48B220D2B7D00AD36BA /* UIView+Additions.swift */ = {isa = PBXFileReference; lastKnownFileType = sourcecode.swift; path = "UIView+Additions.swift"; sourceTree = "<group>"; };
		B1C81619220F836600B35B43 /* ClothingItemSearchViewController.swift */ = {isa = PBXFileReference; lastKnownFileType = sourcecode.swift; path = ClothingItemSearchViewController.swift; sourceTree = "<group>"; };
		B1C8161B220F853D00B35B43 /* ClothingItemSearchBar.swift */ = {isa = PBXFileReference; lastKnownFileType = sourcecode.swift; path = ClothingItemSearchBar.swift; sourceTree = "<group>"; };
		B1C8161F220F960E00B35B43 /* ClothingItemTableView.swift */ = {isa = PBXFileReference; lastKnownFileType = sourcecode.swift; path = ClothingItemTableView.swift; sourceTree = "<group>"; };
		B1C81621220F96CE00B35B43 /* ClothingItemTableViewCell.swift */ = {isa = PBXFileReference; lastKnownFileType = sourcecode.swift; path = ClothingItemTableViewCell.swift; sourceTree = "<group>"; };
		B1C96A8B1E2C66730036E559 /* Thread.app */ = {isa = PBXFileReference; explicitFileType = wrapper.application; includeInIndex = 0; path = Thread.app; sourceTree = BUILT_PRODUCTS_DIR; };
		B1C96A8E1E2C66730036E559 /* AppDelegate.swift */ = {isa = PBXFileReference; lastKnownFileType = sourcecode.swift; path = AppDelegate.swift; sourceTree = "<group>"; };
		B1C96A901E2C66730036E559 /* LoginViewController.swift */ = {isa = PBXFileReference; lastKnownFileType = sourcecode.swift; path = LoginViewController.swift; sourceTree = "<group>"; };
		B1C96A931E2C66730036E559 /* Base */ = {isa = PBXFileReference; lastKnownFileType = file.storyboard; name = Base; path = Base.lproj/Main.storyboard; sourceTree = "<group>"; };
		B1C96A981E2C66730036E559 /* Base */ = {isa = PBXFileReference; lastKnownFileType = file.storyboard; name = Base; path = Base.lproj/LaunchScreen.storyboard; sourceTree = "<group>"; };
		B1C96A9A1E2C66730036E559 /* Info.plist */ = {isa = PBXFileReference; lastKnownFileType = text.plist.xml; path = Info.plist; sourceTree = "<group>"; };
		B1C96A9F1E2C66730036E559 /* ThreadTests.xctest */ = {isa = PBXFileReference; explicitFileType = wrapper.cfbundle; includeInIndex = 0; path = ThreadTests.xctest; sourceTree = BUILT_PRODUCTS_DIR; };
		B1C96AA31E2C66730036E559 /* ThreadTests.swift */ = {isa = PBXFileReference; lastKnownFileType = sourcecode.swift; path = ThreadTests.swift; sourceTree = "<group>"; };
		B1C96AA51E2C66730036E559 /* Info.plist */ = {isa = PBXFileReference; lastKnownFileType = text.plist.xml; path = Info.plist; sourceTree = "<group>"; };
		B1C96AAA1E2C66730036E559 /* ThreadUITests.xctest */ = {isa = PBXFileReference; explicitFileType = wrapper.cfbundle; includeInIndex = 0; path = ThreadUITests.xctest; sourceTree = BUILT_PRODUCTS_DIR; };
		B1C96AAE1E2C66730036E559 /* ThreadUITests.swift */ = {isa = PBXFileReference; lastKnownFileType = sourcecode.swift; path = ThreadUITests.swift; sourceTree = "<group>"; };
		B1C96AB01E2C66730036E559 /* Info.plist */ = {isa = PBXFileReference; lastKnownFileType = text.plist.xml; path = Info.plist; sourceTree = "<group>"; };
		B1DB7EEF2206B99700F3C4D9 /* FeedCollectionViewCell.swift */ = {isa = PBXFileReference; lastKnownFileType = sourcecode.swift; path = FeedCollectionViewCell.swift; sourceTree = "<group>"; };
		B1DB7EF122071A2C00F3C4D9 /* ClosetViewController.swift */ = {isa = PBXFileReference; lastKnownFileType = sourcecode.swift; name = ClosetViewController.swift; path = Thread/Controller/ClosetViewController.swift; sourceTree = SOURCE_ROOT; };
		B1DB7EF32207220D00F3C4D9 /* ClosetItemCollectionViewCell.swift */ = {isa = PBXFileReference; lastKnownFileType = sourcecode.swift; path = ClosetItemCollectionViewCell.swift; sourceTree = "<group>"; };
		B1DB7EF52207231300F3C4D9 /* ClosetClothingItemsView.swift */ = {isa = PBXFileReference; lastKnownFileType = sourcecode.swift; name = ClosetClothingItemsView.swift; path = Thread/View/Closet/ClosetClothingItemsView.swift; sourceTree = SOURCE_ROOT; };
		B1DC8191220E8CDF0005278D /* ClothingItemEditViewController.swift */ = {isa = PBXFileReference; lastKnownFileType = sourcecode.swift; path = ClothingItemEditViewController.swift; sourceTree = "<group>"; };
		B1DC8193220EF00A0005278D /* ClothingItemEditView.swift */ = {isa = PBXFileReference; lastKnownFileType = sourcecode.swift; path = ClothingItemEditView.swift; sourceTree = "<group>"; };
		B1DC8197220F1FB50005278D /* ClosetDetailsTextView.swift */ = {isa = PBXFileReference; lastKnownFileType = sourcecode.swift; path = ClosetDetailsTextView.swift; sourceTree = "<group>"; };
		B1DC819A2210D24B0005278D /* ClothingItemTableCellDelegate.swift */ = {isa = PBXFileReference; lastKnownFileType = sourcecode.swift; path = ClothingItemTableCellDelegate.swift; sourceTree = "<group>"; };
		B1F7596022073B6600CC3412 /* ClosetSelectionCollectionViewCell.swift */ = {isa = PBXFileReference; lastKnownFileType = sourcecode.swift; path = ClosetSelectionCollectionViewCell.swift; sourceTree = "<group>"; };
		B1FE8218220939D9006AFD43 /* Coordinator.swift */ = {isa = PBXFileReference; lastKnownFileType = sourcecode.swift; path = Coordinator.swift; sourceTree = "<group>"; };
		B1FE821A22093A49006AFD43 /* MainCoordinator.swift */ = {isa = PBXFileReference; lastKnownFileType = sourcecode.swift; path = MainCoordinator.swift; sourceTree = "<group>"; };
		B1FE821E22093C32006AFD43 /* Storyboarded.swift */ = {isa = PBXFileReference; lastKnownFileType = sourcecode.swift; path = Storyboarded.swift; sourceTree = "<group>"; };
		B1FE8220220947DA006AFD43 /* CoordinatorNavigationController.swift */ = {isa = PBXFileReference; lastKnownFileType = sourcecode.swift; path = CoordinatorNavigationController.swift; sourceTree = "<group>"; };
		B1FE8226220A1CA4006AFD43 /* ActiveUserCoordinator.swift */ = {isa = PBXFileReference; lastKnownFileType = sourcecode.swift; path = ActiveUserCoordinator.swift; sourceTree = "<group>"; };
		B1FE822A220CC7C9006AFD43 /* UnderlinedTextFieldView.swift */ = {isa = PBXFileReference; lastKnownFileType = sourcecode.swift; path = UnderlinedTextFieldView.swift; sourceTree = "<group>"; };
		B1FE822C220CFC88006AFD43 /* LoginAboutView.swift */ = {isa = PBXFileReference; lastKnownFileType = sourcecode.swift; path = LoginAboutView.swift; sourceTree = "<group>"; };
		B1FE822E220D000A006AFD43 /* LoginAboutCollectionViewCell.swift */ = {isa = PBXFileReference; lastKnownFileType = sourcecode.swift; path = LoginAboutCollectionViewCell.swift; sourceTree = "<group>"; };
		B315754A20752E20A13E984D /* Pods-Thread.release.xcconfig */ = {isa = PBXFileReference; includeInIndex = 1; lastKnownFileType = text.xcconfig; name = "Pods-Thread.release.xcconfig"; path = "Pods/Target Support Files/Pods-Thread/Pods-Thread.release.xcconfig"; sourceTree = "<group>"; };
		BEED098888EFE05ADEE3966C /* Pods-ThreadUITests.release.xcconfig */ = {isa = PBXFileReference; includeInIndex = 1; lastKnownFileType = text.xcconfig; name = "Pods-ThreadUITests.release.xcconfig"; path = "Pods/Target Support Files/Pods-ThreadUITests/Pods-ThreadUITests.release.xcconfig"; sourceTree = "<group>"; };
		CB1E9B1CE232603724C5E794 /* Pods-ThreadTests.debug.xcconfig */ = {isa = PBXFileReference; includeInIndex = 1; lastKnownFileType = text.xcconfig; name = "Pods-ThreadTests.debug.xcconfig"; path = "Pods/Target Support Files/Pods-ThreadTests/Pods-ThreadTests.debug.xcconfig"; sourceTree = "<group>"; };
/* End PBXFileReference section */

/* Begin PBXFrameworksBuildPhase section */
		B1C96A881E2C66730036E559 /* Frameworks */ = {
			isa = PBXFrameworksBuildPhase;
			buildActionMask = 2147483647;
			files = (
				0C6686D8773E8AE3E1E0D72A /* Pods_Thread.framework in Frameworks */,
			);
			runOnlyForDeploymentPostprocessing = 0;
		};
		B1C96A9C1E2C66730036E559 /* Frameworks */ = {
			isa = PBXFrameworksBuildPhase;
			buildActionMask = 2147483647;
			files = (
				3535199162A3752B698A930C /* Pods_ThreadTests.framework in Frameworks */,
			);
			runOnlyForDeploymentPostprocessing = 0;
		};
		B1C96AA71E2C66730036E559 /* Frameworks */ = {
			isa = PBXFrameworksBuildPhase;
			buildActionMask = 2147483647;
			files = (
				047A2A4DEADCCCC1006F080F /* Pods_ThreadUITests.framework in Frameworks */,
			);
			runOnlyForDeploymentPostprocessing = 0;
		};
/* End PBXFrameworksBuildPhase section */

/* Begin PBXGroup section */
		8A6D1E12CB3DD3F59AB825AD /* Pods */ = {
			isa = PBXGroup;
			children = (
				7D290579FCFE88FA818A8002 /* Pods-Thread.debug.xcconfig */,
				B315754A20752E20A13E984D /* Pods-Thread.release.xcconfig */,
				CB1E9B1CE232603724C5E794 /* Pods-ThreadTests.debug.xcconfig */,
				529A1AB9C2D28419C0D6FBF6 /* Pods-ThreadTests.release.xcconfig */,
				8976F182E6528772898954DF /* Pods-ThreadUITests.debug.xcconfig */,
				BEED098888EFE05ADEE3966C /* Pods-ThreadUITests.release.xcconfig */,
			);
			name = Pods;
			sourceTree = "<group>";
		};
		A4A8BA6A9526F6E3A61D4CBA /* Frameworks */ = {
			isa = PBXGroup;
			children = (
				9560FB66ADAA3C0318ED7771 /* Pods_Thread.framework */,
				2EB2183E2AAEB7F63B3BAF82 /* Pods_ThreadTests.framework */,
				0BE3BD1DB1BADDF10CDC9F8B /* Pods_ThreadUITests.framework */,
			);
			name = Frameworks;
			sourceTree = "<group>";
		};
		B11CBD4A2205CEF500D6620B /* Model */ = {
			isa = PBXGroup;
			children = (
				B157D4A02205E1BC00D83CDB /* Configuration.swift */,
				B18430851E33B03A00EED632 /* User.swift */,
				B174D0291E36D2A300218590 /* ClothingItem.swift */,
				B174D02D1E36DE0B00218590 /* ClothingType.swift */,
			);
			path = Model;
			sourceTree = "<group>";
		};
		B11CBD4B2205CF0C00D6620B /* Controller */ = {
			isa = PBXGroup;
			children = (
				B1FE8220220947DA006AFD43 /* CoordinatorNavigationController.swift */,
				B1C96A901E2C66730036E559 /* LoginViewController.swift */,
				B1DB7EF122071A2C00F3C4D9 /* ClosetViewController.swift */,
				B157D4A32206147D00D83CDB /* UserProfileViewController.swift */,
				B1377C56220E66C900C06F46 /* ClosetUpdateOptionsViewController.swift */,
				B1DC8191220E8CDF0005278D /* ClothingItemEditViewController.swift */,
				B1C81619220F836600B35B43 /* ClothingItemSearchViewController.swift */,
			);
			path = Controller;
			sourceTree = "<group>";
		};
		B11CBD4C2205CF2E00D6620B /* View */ = {
			isa = PBXGroup;
			children = (
				B1FE822A220CC7C9006AFD43 /* UnderlinedTextFieldView.swift */,
				B1888CAA220D0A5F0028146C /* Login */,
				B1888CA9220D0A4B0028146C /* Closet */,
				B1888CA8220D0A350028146C /* UserProfile */,
				B1C8161D220F884000B35B43 /* ClothingItem */,
				B157D4A522061ED200D83CDB /* CollectionCell */,
				B1C8161E220F95ED00B35B43 /* TableCell */,
				B1C96A971E2C66730036E559 /* LaunchScreen.storyboard */,
				B1C96A921E2C66730036E559 /* Main.storyboard */,
			);
			path = View;
			sourceTree = "<group>";
		};
		B11CBD4E2205CF7E00D6620B /* Extension */ = {
			isa = PBXGroup;
			children = (
				B11CBD4F2205CFB200D6620B /* UIColor+Additions.swift */,
				B1C2D48B220D2B7D00AD36BA /* UIView+Additions.swift */,
			);
			path = Extension;
			sourceTree = "<group>";
		};
		B157D4A22205E20B00D83CDB /* Helper */ = {
			isa = PBXGroup;
			children = (
				B174D0271E36CAC700218590 /* APIHelper.swift */,
				B1A11D401EFEC4AB00E16169 /* DatabaseHelper.swift */,
			);
			path = Helper;
			sourceTree = "<group>";
		};
		B157D4A522061ED200D83CDB /* CollectionCell */ = {
			isa = PBXGroup;
			children = (
				B157D4A622061F0300D83CDB /* ImageCollectionViewCell.swift */,
				B1DB7EEF2206B99700F3C4D9 /* FeedCollectionViewCell.swift */,
				B1DB7EF32207220D00F3C4D9 /* ClosetItemCollectionViewCell.swift */,
				B1F7596022073B6600CC3412 /* ClosetSelectionCollectionViewCell.swift */,
				B1FE822E220D000A006AFD43 /* LoginAboutCollectionViewCell.swift */,
			);
			path = CollectionCell;
			sourceTree = "<group>";
		};
		B184306C1E2D2F4D00EED632 /* Other */ = {
			isa = PBXGroup;
			children = (
				B1C96A8E1E2C66730036E559 /* AppDelegate.swift */,
			);
			name = Other;
			sourceTree = "<group>";
		};
		B184306D1E2D2F6B00EED632 /* Supporting Files */ = {
			isa = PBXGroup;
			children = (
				B157D49F2205E18100D83CDB /* Thread-Bridging-Header.h */,
				B18430721E2D43E300EED632 /* GoogleService-Info.plist */,
				B1C96A9A1E2C66730036E559 /* Info.plist */,
				B174D0251E36C8E900218590 /* APIKeys.plist */,
			);
			name = "Supporting Files";
			sourceTree = "<group>";
		};
		B1888CA8220D0A350028146C /* UserProfile */ = {
			isa = PBXGroup;
			children = (
				B157D4B022065B3900D83CDB /* UserProfileFeedView.swift */,
				B157D4AE22065ADD00D83CDB /* UserProfileSummaryView.swift */,
				B157D4AA2206452100D83CDB /* UserProfileStatsView.swift */,
			);
			path = UserProfile;
			sourceTree = "<group>";
		};
		B1888CA9220D0A4B0028146C /* Closet */ = {
			isa = PBXGroup;
			children = (
				B183EE142207A8A90065A9F1 /* ClosetDetailsView.swift */,
				B1DC8197220F1FB50005278D /* ClosetDetailsTextView.swift */,
				B1DB7EF52207231300F3C4D9 /* ClosetClothingItemsView.swift */,
			);
			path = Closet;
			sourceTree = "<group>";
		};
		B1888CAA220D0A5F0028146C /* Login */ = {
			isa = PBXGroup;
			children = (
				B183EE1A220BCEDC0065A9F1 /* SignUpView.swift */,
				B183EE18220BCE800065A9F1 /* LoginView.swift */,
				B1FE822C220CFC88006AFD43 /* LoginAboutView.swift */,
				B183EE16220BC5CF0065A9F1 /* LoginButtonsView.swift */,
			);
			path = Login;
			sourceTree = "<group>";
		};
		B1C8161D220F884000B35B43 /* ClothingItem */ = {
			isa = PBXGroup;
			children = (
				B1DC8193220EF00A0005278D /* ClothingItemEditView.swift */,
				B1C8161B220F853D00B35B43 /* ClothingItemSearchBar.swift */,
				B1C8161F220F960E00B35B43 /* ClothingItemTableView.swift */,
			);
			path = ClothingItem;
			sourceTree = "<group>";
		};
		B1C8161E220F95ED00B35B43 /* TableCell */ = {
			isa = PBXGroup;
			children = (
				B1C81621220F96CE00B35B43 /* ClothingItemTableViewCell.swift */,
			);
			path = TableCell;
			sourceTree = "<group>";
		};
		B1C96A821E2C66730036E559 = {
			isa = PBXGroup;
			children = (
				B1C96A8D1E2C66730036E559 /* Thread */,
				B1C96AA21E2C66730036E559 /* ThreadTests */,
				B1C96AAD1E2C66730036E559 /* ThreadUITests */,
				B1C96A8C1E2C66730036E559 /* Products */,
				8A6D1E12CB3DD3F59AB825AD /* Pods */,
				A4A8BA6A9526F6E3A61D4CBA /* Frameworks */,
			);
			sourceTree = "<group>";
		};
		B1C96A8C1E2C66730036E559 /* Products */ = {
			isa = PBXGroup;
			children = (
				B1C96A8B1E2C66730036E559 /* Thread.app */,
				B1C96A9F1E2C66730036E559 /* ThreadTests.xctest */,
				B1C96AAA1E2C66730036E559 /* ThreadUITests.xctest */,
			);
			name = Products;
			sourceTree = "<group>";
		};
		B1C96A8D1E2C66730036E559 /* Thread */ = {
			isa = PBXGroup;
			children = (
				B11CBD462205CD8C00D6620B /* Thread.entitlements */,
				B11CBD4A2205CEF500D6620B /* Model */,
				B11CBD4C2205CF2E00D6620B /* View */,
				B11CBD4B2205CF0C00D6620B /* Controller */,
				B1DC81992210D2030005278D /* Protocol */,
				B1FE8217220939B3006AFD43 /* Coordinator */,
				B11CBD4E2205CF7E00D6620B /* Extension */,
				B157D4A22205E20B00D83CDB /* Helper */,
				B184306C1E2D2F4D00EED632 /* Other */,
				B184306D1E2D2F6B00EED632 /* Supporting Files */,
				B184307E1E2F0C8A00EED632 /* Assets.xcassets */,
			);
			path = Thread;
			sourceTree = "<group>";
		};
		B1C96AA21E2C66730036E559 /* ThreadTests */ = {
			isa = PBXGroup;
			children = (
				B1C96AA31E2C66730036E559 /* ThreadTests.swift */,
				B1C96AA51E2C66730036E559 /* Info.plist */,
			);
			path = ThreadTests;
			sourceTree = "<group>";
		};
		B1C96AAD1E2C66730036E559 /* ThreadUITests */ = {
			isa = PBXGroup;
			children = (
				B1C96AAE1E2C66730036E559 /* ThreadUITests.swift */,
				B1C96AB01E2C66730036E559 /* Info.plist */,
			);
			path = ThreadUITests;
			sourceTree = "<group>";
		};
		B1DC81992210D2030005278D /* Protocol */ = {
			isa = PBXGroup;
			children = (
				B1FE8218220939D9006AFD43 /* Coordinator.swift */,
				B1FE821E22093C32006AFD43 /* Storyboarded.swift */,
				B1DC819A2210D24B0005278D /* ClothingItemTableCellDelegate.swift */,
			);
			path = Protocol;
			sourceTree = "<group>";
		};
		B1FE8217220939B3006AFD43 /* Coordinator */ = {
			isa = PBXGroup;
			children = (
				B1FE821A22093A49006AFD43 /* MainCoordinator.swift */,
				B1FE8226220A1CA4006AFD43 /* ActiveUserCoordinator.swift */,
			);
			path = Coordinator;
			sourceTree = "<group>";
		};
/* End PBXGroup section */

/* Begin PBXNativeTarget section */
		B1C96A8A1E2C66730036E559 /* Thread */ = {
			isa = PBXNativeTarget;
			buildConfigurationList = B1C96AB31E2C66730036E559 /* Build configuration list for PBXNativeTarget "Thread" */;
			buildPhases = (
				DC4403F1A5948A27E58F2618 /* [CP] Check Pods Manifest.lock */,
				B1C96A871E2C66730036E559 /* Sources */,
				B1C96A881E2C66730036E559 /* Frameworks */,
				B1C96A891E2C66730036E559 /* Resources */,
				251002B32E42631CC003100D /* [CP] Embed Pods Frameworks */,
			);
			buildRules = (
			);
			dependencies = (
			);
			name = Thread;
			productName = Thread;
			productReference = B1C96A8B1E2C66730036E559 /* Thread.app */;
			productType = "com.apple.product-type.application";
		};
		B1C96A9E1E2C66730036E559 /* ThreadTests */ = {
			isa = PBXNativeTarget;
			buildConfigurationList = B1C96AB61E2C66730036E559 /* Build configuration list for PBXNativeTarget "ThreadTests" */;
			buildPhases = (
				DFE579BBFC98976FD9D49FE9 /* [CP] Check Pods Manifest.lock */,
				B1C96A9B1E2C66730036E559 /* Sources */,
				B1C96A9C1E2C66730036E559 /* Frameworks */,
				B1C96A9D1E2C66730036E559 /* Resources */,
			);
			buildRules = (
			);
			dependencies = (
				B1C96AA11E2C66730036E559 /* PBXTargetDependency */,
			);
			name = ThreadTests;
			productName = ThreadTests;
			productReference = B1C96A9F1E2C66730036E559 /* ThreadTests.xctest */;
			productType = "com.apple.product-type.bundle.unit-test";
		};
		B1C96AA91E2C66730036E559 /* ThreadUITests */ = {
			isa = PBXNativeTarget;
			buildConfigurationList = B1C96AB91E2C66730036E559 /* Build configuration list for PBXNativeTarget "ThreadUITests" */;
			buildPhases = (
				21982F2744A495580EBE92AE /* [CP] Check Pods Manifest.lock */,
				B1C96AA61E2C66730036E559 /* Sources */,
				B1C96AA71E2C66730036E559 /* Frameworks */,
				B1C96AA81E2C66730036E559 /* Resources */,
			);
			buildRules = (
			);
			dependencies = (
				B1C96AAC1E2C66730036E559 /* PBXTargetDependency */,
			);
			name = ThreadUITests;
			productName = ThreadUITests;
			productReference = B1C96AAA1E2C66730036E559 /* ThreadUITests.xctest */;
			productType = "com.apple.product-type.bundle.ui-testing";
		};
/* End PBXNativeTarget section */

/* Begin PBXProject section */
		B1C96A831E2C66730036E559 /* Project object */ = {
			isa = PBXProject;
			attributes = {
				LastSwiftUpdateCheck = 0800;
				LastUpgradeCheck = 0940;
				ORGANIZATIONNAME = "Michael Onjack";
				TargetAttributes = {
					B1C96A8A1E2C66730036E559 = {
						CreatedOnToolsVersion = 8.0;
						DevelopmentTeam = 64B49T3B7F;
						LastSwiftMigration = 0900;
						ProvisioningStyle = Automatic;
						SystemCapabilities = {
							com.apple.Keychain = {
								enabled = 1;
							};
							com.apple.Push = {
								enabled = 0;
							};
						};
					};
					B1C96A9E1E2C66730036E559 = {
						CreatedOnToolsVersion = 8.0;
						DevelopmentTeam = KC3NF5E248;
						LastSwiftMigration = 0900;
						ProvisioningStyle = Automatic;
						TestTargetID = B1C96A8A1E2C66730036E559;
					};
					B1C96AA91E2C66730036E559 = {
						CreatedOnToolsVersion = 8.0;
						DevelopmentTeam = KC3NF5E248;
						LastSwiftMigration = 0900;
						ProvisioningStyle = Automatic;
						TestTargetID = B1C96A8A1E2C66730036E559;
					};
				};
			};
			buildConfigurationList = B1C96A861E2C66730036E559 /* Build configuration list for PBXProject "Thread" */;
			compatibilityVersion = "Xcode 3.2";
			developmentRegion = English;
			hasScannedForEncodings = 0;
			knownRegions = (
				en,
				Base,
			);
			mainGroup = B1C96A821E2C66730036E559;
			productRefGroup = B1C96A8C1E2C66730036E559 /* Products */;
			projectDirPath = "";
			projectRoot = "";
			targets = (
				B1C96A8A1E2C66730036E559 /* Thread */,
				B1C96A9E1E2C66730036E559 /* ThreadTests */,
				B1C96AA91E2C66730036E559 /* ThreadUITests */,
			);
		};
/* End PBXProject section */

/* Begin PBXResourcesBuildPhase section */
		B1C96A891E2C66730036E559 /* Resources */ = {
			isa = PBXResourcesBuildPhase;
			buildActionMask = 2147483647;
			files = (
				B1C96A991E2C66730036E559 /* LaunchScreen.storyboard in Resources */,
				B174D0261E36C8E900218590 /* APIKeys.plist in Resources */,
				B18430731E2D43E300EED632 /* GoogleService-Info.plist in Resources */,
				B184307F1E2F0C8A00EED632 /* Assets.xcassets in Resources */,
				B1C96A941E2C66730036E559 /* Main.storyboard in Resources */,
			);
			runOnlyForDeploymentPostprocessing = 0;
		};
		B1C96A9D1E2C66730036E559 /* Resources */ = {
			isa = PBXResourcesBuildPhase;
			buildActionMask = 2147483647;
			files = (
			);
			runOnlyForDeploymentPostprocessing = 0;
		};
		B1C96AA81E2C66730036E559 /* Resources */ = {
			isa = PBXResourcesBuildPhase;
			buildActionMask = 2147483647;
			files = (
			);
			runOnlyForDeploymentPostprocessing = 0;
		};
/* End PBXResourcesBuildPhase section */

/* Begin PBXShellScriptBuildPhase section */
		21982F2744A495580EBE92AE /* [CP] Check Pods Manifest.lock */ = {
			isa = PBXShellScriptBuildPhase;
			buildActionMask = 2147483647;
			files = (
			);
			inputPaths = (
				"${PODS_PODFILE_DIR_PATH}/Podfile.lock",
				"${PODS_ROOT}/Manifest.lock",
			);
			name = "[CP] Check Pods Manifest.lock";
			outputPaths = (
				"$(DERIVED_FILE_DIR)/Pods-ThreadUITests-checkManifestLockResult.txt",
			);
			runOnlyForDeploymentPostprocessing = 0;
			shellPath = /bin/sh;
			shellScript = "diff \"${PODS_PODFILE_DIR_PATH}/Podfile.lock\" \"${PODS_ROOT}/Manifest.lock\" > /dev/null\nif [ $? != 0 ] ; then\n    # print error to STDERR\n    echo \"error: The sandbox is not in sync with the Podfile.lock. Run 'pod install' or update your CocoaPods installation.\" >&2\n    exit 1\nfi\n# This output is used by Xcode 'outputs' to avoid re-running this script phase.\necho \"SUCCESS\" > \"${SCRIPT_OUTPUT_FILE_0}\"\n";
			showEnvVarsInLog = 0;
		};
		251002B32E42631CC003100D /* [CP] Embed Pods Frameworks */ = {
			isa = PBXShellScriptBuildPhase;
			buildActionMask = 2147483647;
			files = (
			);
			inputPaths = (
				"${SRCROOT}/Pods/Target Support Files/Pods-Thread/Pods-Thread-frameworks.sh",
				"${BUILT_PRODUCTS_DIR}/AnimatedCollectionViewLayout/AnimatedCollectionViewLayout.framework",
				"${BUILT_PRODUCTS_DIR}/GTMSessionFetcher/GTMSessionFetcher.framework",
				"${BUILT_PRODUCTS_DIR}/GoogleUtilities/GoogleUtilities.framework",
				"${BUILT_PRODUCTS_DIR}/NVActivityIndicatorView/NVActivityIndicatorView.framework",
				"${BUILT_PRODUCTS_DIR}/PryntTrimmerView/PryntTrimmerView.framework",
				"${BUILT_PRODUCTS_DIR}/SDWebImage/SDWebImage.framework",
				"${BUILT_PRODUCTS_DIR}/SteviaLayout/Stevia.framework",
				"${BUILT_PRODUCTS_DIR}/TabbedPageView/TabbedPageView.framework",
				"${BUILT_PRODUCTS_DIR}/YPImagePicker/YPImagePicker.framework",
				"${BUILT_PRODUCTS_DIR}/leveldb-library/leveldb.framework",
				"${BUILT_PRODUCTS_DIR}/nanopb/nanopb.framework",
			);
			name = "[CP] Embed Pods Frameworks";
			outputPaths = (
				"${TARGET_BUILD_DIR}/${FRAMEWORKS_FOLDER_PATH}/AnimatedCollectionViewLayout.framework",
				"${TARGET_BUILD_DIR}/${FRAMEWORKS_FOLDER_PATH}/GTMSessionFetcher.framework",
				"${TARGET_BUILD_DIR}/${FRAMEWORKS_FOLDER_PATH}/GoogleUtilities.framework",
				"${TARGET_BUILD_DIR}/${FRAMEWORKS_FOLDER_PATH}/NVActivityIndicatorView.framework",
				"${TARGET_BUILD_DIR}/${FRAMEWORKS_FOLDER_PATH}/PryntTrimmerView.framework",
				"${TARGET_BUILD_DIR}/${FRAMEWORKS_FOLDER_PATH}/SDWebImage.framework",
				"${TARGET_BUILD_DIR}/${FRAMEWORKS_FOLDER_PATH}/Stevia.framework",
				"${TARGET_BUILD_DIR}/${FRAMEWORKS_FOLDER_PATH}/TabbedPageView.framework",
				"${TARGET_BUILD_DIR}/${FRAMEWORKS_FOLDER_PATH}/YPImagePicker.framework",
				"${TARGET_BUILD_DIR}/${FRAMEWORKS_FOLDER_PATH}/leveldb.framework",
				"${TARGET_BUILD_DIR}/${FRAMEWORKS_FOLDER_PATH}/nanopb.framework",
			);
			runOnlyForDeploymentPostprocessing = 0;
			shellPath = /bin/sh;
			shellScript = "\"${SRCROOT}/Pods/Target Support Files/Pods-Thread/Pods-Thread-frameworks.sh\"\n";
			showEnvVarsInLog = 0;
		};
		DC4403F1A5948A27E58F2618 /* [CP] Check Pods Manifest.lock */ = {
			isa = PBXShellScriptBuildPhase;
			buildActionMask = 2147483647;
			files = (
			);
			inputPaths = (
				"${PODS_PODFILE_DIR_PATH}/Podfile.lock",
				"${PODS_ROOT}/Manifest.lock",
			);
			name = "[CP] Check Pods Manifest.lock";
			outputPaths = (
				"$(DERIVED_FILE_DIR)/Pods-Thread-checkManifestLockResult.txt",
			);
			runOnlyForDeploymentPostprocessing = 0;
			shellPath = /bin/sh;
			shellScript = "diff \"${PODS_PODFILE_DIR_PATH}/Podfile.lock\" \"${PODS_ROOT}/Manifest.lock\" > /dev/null\nif [ $? != 0 ] ; then\n    # print error to STDERR\n    echo \"error: The sandbox is not in sync with the Podfile.lock. Run 'pod install' or update your CocoaPods installation.\" >&2\n    exit 1\nfi\n# This output is used by Xcode 'outputs' to avoid re-running this script phase.\necho \"SUCCESS\" > \"${SCRIPT_OUTPUT_FILE_0}\"\n";
			showEnvVarsInLog = 0;
		};
		DFE579BBFC98976FD9D49FE9 /* [CP] Check Pods Manifest.lock */ = {
			isa = PBXShellScriptBuildPhase;
			buildActionMask = 2147483647;
			files = (
			);
			inputPaths = (
				"${PODS_PODFILE_DIR_PATH}/Podfile.lock",
				"${PODS_ROOT}/Manifest.lock",
			);
			name = "[CP] Check Pods Manifest.lock";
			outputPaths = (
				"$(DERIVED_FILE_DIR)/Pods-ThreadTests-checkManifestLockResult.txt",
			);
			runOnlyForDeploymentPostprocessing = 0;
			shellPath = /bin/sh;
			shellScript = "diff \"${PODS_PODFILE_DIR_PATH}/Podfile.lock\" \"${PODS_ROOT}/Manifest.lock\" > /dev/null\nif [ $? != 0 ] ; then\n    # print error to STDERR\n    echo \"error: The sandbox is not in sync with the Podfile.lock. Run 'pod install' or update your CocoaPods installation.\" >&2\n    exit 1\nfi\n# This output is used by Xcode 'outputs' to avoid re-running this script phase.\necho \"SUCCESS\" > \"${SCRIPT_OUTPUT_FILE_0}\"\n";
			showEnvVarsInLog = 0;
		};
/* End PBXShellScriptBuildPhase section */

/* Begin PBXSourcesBuildPhase section */
		B1C96A871E2C66730036E559 /* Sources */ = {
			isa = PBXSourcesBuildPhase;
			buildActionMask = 2147483647;
			files = (
				B1FE822B220CC7C9006AFD43 /* UnderlinedTextFieldView.swift in Sources */,
				B1FE822D220CFC88006AFD43 /* LoginAboutView.swift in Sources */,
				B1A11D411EFEC4AB00E16169 /* DatabaseHelper.swift in Sources */,
				B174D02E1E36DE0B00218590 /* ClothingType.swift in Sources */,
				B1DB7EF02206B99700F3C4D9 /* FeedCollectionViewCell.swift in Sources */,
				B1DB7EF42207220D00F3C4D9 /* ClosetItemCollectionViewCell.swift in Sources */,
				B1DB7EF62207231300F3C4D9 /* ClosetClothingItemsView.swift in Sources */,
				B1FE8219220939D9006AFD43 /* Coordinator.swift in Sources */,
				B1DC8192220E8CDF0005278D /* ClothingItemEditViewController.swift in Sources */,
				B1FE8221220947DA006AFD43 /* CoordinatorNavigationController.swift in Sources */,
				B157D4B122065B3900D83CDB /* UserProfileFeedView.swift in Sources */,
				B1FE821B22093A49006AFD43 /* MainCoordinator.swift in Sources */,
				B1C96A911E2C66730036E559 /* LoginViewController.swift in Sources */,
				B1FE8227220A1CA4006AFD43 /* ActiveUserCoordinator.swift in Sources */,
				B174D0281E36CAC700218590 /* APIHelper.swift in Sources */,
				B1C2D48C220D2B7D00AD36BA /* UIView+Additions.swift in Sources */,
				B18430861E33B03A00EED632 /* User.swift in Sources */,
				B1C81622220F96CE00B35B43 /* ClothingItemTableViewCell.swift in Sources */,
				B1C8161A220F836600B35B43 /* ClothingItemSearchViewController.swift in Sources */,
				B157D4A722061F0300D83CDB /* ImageCollectionViewCell.swift in Sources */,
				B157D4A12205E1BC00D83CDB /* Configuration.swift in Sources */,
				B1DB7EF222071A2C00F3C4D9 /* ClosetViewController.swift in Sources */,
				B1F7596122073B6600CC3412 /* ClosetSelectionCollectionViewCell.swift in Sources */,
				B157D4AF22065ADD00D83CDB /* UserProfileSummaryView.swift in Sources */,
				B157D4AB2206452100D83CDB /* UserProfileStatsView.swift in Sources */,
				B174D02A1E36D2A300218590 /* ClothingItem.swift in Sources */,
				B1C96A8F1E2C66730036E559 /* AppDelegate.swift in Sources */,
				B1FE822F220D000A006AFD43 /* LoginAboutCollectionViewCell.swift in Sources */,
				B1C81620220F960E00B35B43 /* ClothingItemTableView.swift in Sources */,
				B1DC8198220F1FB50005278D /* ClosetDetailsTextView.swift in Sources */,
				B1DC819B2210D24B0005278D /* ClothingItemTableCellDelegate.swift in Sources */,
				B183EE19220BCE800065A9F1 /* LoginView.swift in Sources */,
				B157D4A42206147D00D83CDB /* UserProfileViewController.swift in Sources */,
				B183EE152207A8A90065A9F1 /* ClosetDetailsView.swift in Sources */,
				B183EE17220BC5CF0065A9F1 /* LoginButtonsView.swift in Sources */,
				B183EE1B220BCEDC0065A9F1 /* SignUpView.swift in Sources */,
				B1DC8194220EF00A0005278D /* ClothingItemEditView.swift in Sources */,
				B1C8161C220F853D00B35B43 /* ClothingItemSearchBar.swift in Sources */,
				B11CBD502205CFB200D6620B /* UIColor+Additions.swift in Sources */,
				B1FE821F22093C32006AFD43 /* Storyboarded.swift in Sources */,
				B1377C57220E66C900C06F46 /* ClosetUpdateOptionsViewController.swift in Sources */,
			);
			runOnlyForDeploymentPostprocessing = 0;
		};
		B1C96A9B1E2C66730036E559 /* Sources */ = {
			isa = PBXSourcesBuildPhase;
			buildActionMask = 2147483647;
			files = (
				B1C96AA41E2C66730036E559 /* ThreadTests.swift in Sources */,
			);
			runOnlyForDeploymentPostprocessing = 0;
		};
		B1C96AA61E2C66730036E559 /* Sources */ = {
			isa = PBXSourcesBuildPhase;
			buildActionMask = 2147483647;
			files = (
				B1C96AAF1E2C66730036E559 /* ThreadUITests.swift in Sources */,
			);
			runOnlyForDeploymentPostprocessing = 0;
		};
/* End PBXSourcesBuildPhase section */

/* Begin PBXTargetDependency section */
		B1C96AA11E2C66730036E559 /* PBXTargetDependency */ = {
			isa = PBXTargetDependency;
			target = B1C96A8A1E2C66730036E559 /* Thread */;
			targetProxy = B1C96AA01E2C66730036E559 /* PBXContainerItemProxy */;
		};
		B1C96AAC1E2C66730036E559 /* PBXTargetDependency */ = {
			isa = PBXTargetDependency;
			target = B1C96A8A1E2C66730036E559 /* Thread */;
			targetProxy = B1C96AAB1E2C66730036E559 /* PBXContainerItemProxy */;
		};
/* End PBXTargetDependency section */

/* Begin PBXVariantGroup section */
		B1C96A921E2C66730036E559 /* Main.storyboard */ = {
			isa = PBXVariantGroup;
			children = (
				B1C96A931E2C66730036E559 /* Base */,
			);
			name = Main.storyboard;
			sourceTree = "<group>";
		};
		B1C96A971E2C66730036E559 /* LaunchScreen.storyboard */ = {
			isa = PBXVariantGroup;
			children = (
				B1C96A981E2C66730036E559 /* Base */,
			);
			name = LaunchScreen.storyboard;
			sourceTree = "<group>";
		};
/* End PBXVariantGroup section */

/* Begin XCBuildConfiguration section */
		B1C96AB11E2C66730036E559 /* Debug */ = {
			isa = XCBuildConfiguration;
			buildSettings = {
				ALWAYS_SEARCH_USER_PATHS = NO;
				CLANG_ANALYZER_NONNULL = YES;
				CLANG_CXX_LANGUAGE_STANDARD = "gnu++0x";
				CLANG_CXX_LIBRARY = "libc++";
				CLANG_ENABLE_MODULES = YES;
				CLANG_ENABLE_OBJC_ARC = YES;
				CLANG_WARN_BLOCK_CAPTURE_AUTORELEASING = YES;
				CLANG_WARN_BOOL_CONVERSION = YES;
				CLANG_WARN_COMMA = YES;
				CLANG_WARN_CONSTANT_CONVERSION = YES;
				CLANG_WARN_DEPRECATED_OBJC_IMPLEMENTATIONS = YES;
				CLANG_WARN_DIRECT_OBJC_ISA_USAGE = YES_ERROR;
				CLANG_WARN_DOCUMENTATION_COMMENTS = YES;
				CLANG_WARN_EMPTY_BODY = YES;
				CLANG_WARN_ENUM_CONVERSION = YES;
				CLANG_WARN_INFINITE_RECURSION = YES;
				CLANG_WARN_INT_CONVERSION = YES;
				CLANG_WARN_NON_LITERAL_NULL_CONVERSION = YES;
				CLANG_WARN_OBJC_IMPLICIT_RETAIN_SELF = YES;
				CLANG_WARN_OBJC_LITERAL_CONVERSION = YES;
				CLANG_WARN_OBJC_ROOT_CLASS = YES_ERROR;
				CLANG_WARN_RANGE_LOOP_ANALYSIS = YES;
				CLANG_WARN_STRICT_PROTOTYPES = YES;
				CLANG_WARN_SUSPICIOUS_MOVE = YES;
				CLANG_WARN_SUSPICIOUS_MOVES = YES;
				CLANG_WARN_UNREACHABLE_CODE = YES;
				CLANG_WARN__DUPLICATE_METHOD_MATCH = YES;
				"CODE_SIGN_IDENTITY[sdk=iphoneos*]" = "iPhone Developer";
				COPY_PHASE_STRIP = NO;
				DEBUG_INFORMATION_FORMAT = dwarf;
				ENABLE_STRICT_OBJC_MSGSEND = YES;
				ENABLE_TESTABILITY = YES;
				GCC_C_LANGUAGE_STANDARD = gnu99;
				GCC_DYNAMIC_NO_PIC = NO;
				GCC_NO_COMMON_BLOCKS = YES;
				GCC_OPTIMIZATION_LEVEL = 0;
				GCC_PREPROCESSOR_DEFINITIONS = (
					"DEBUG=1",
					"$(inherited)",
				);
				GCC_WARN_64_TO_32_BIT_CONVERSION = YES;
				GCC_WARN_ABOUT_RETURN_TYPE = YES_ERROR;
				GCC_WARN_UNDECLARED_SELECTOR = YES;
				GCC_WARN_UNINITIALIZED_AUTOS = YES_AGGRESSIVE;
				GCC_WARN_UNUSED_FUNCTION = YES;
				GCC_WARN_UNUSED_VARIABLE = YES;
				IPHONEOS_DEPLOYMENT_TARGET = 10.0;
				MTL_ENABLE_DEBUG_INFO = YES;
				ONLY_ACTIVE_ARCH = YES;
				SDKROOT = iphoneos;
				SWIFT_ACTIVE_COMPILATION_CONDITIONS = DEBUG;
				SWIFT_OPTIMIZATION_LEVEL = "-Onone";
			};
			name = Debug;
		};
		B1C96AB21E2C66730036E559 /* Release */ = {
			isa = XCBuildConfiguration;
			buildSettings = {
				ALWAYS_SEARCH_USER_PATHS = NO;
				CLANG_ANALYZER_NONNULL = YES;
				CLANG_CXX_LANGUAGE_STANDARD = "gnu++0x";
				CLANG_CXX_LIBRARY = "libc++";
				CLANG_ENABLE_MODULES = YES;
				CLANG_ENABLE_OBJC_ARC = YES;
				CLANG_WARN_BLOCK_CAPTURE_AUTORELEASING = YES;
				CLANG_WARN_BOOL_CONVERSION = YES;
				CLANG_WARN_COMMA = YES;
				CLANG_WARN_CONSTANT_CONVERSION = YES;
				CLANG_WARN_DEPRECATED_OBJC_IMPLEMENTATIONS = YES;
				CLANG_WARN_DIRECT_OBJC_ISA_USAGE = YES_ERROR;
				CLANG_WARN_DOCUMENTATION_COMMENTS = YES;
				CLANG_WARN_EMPTY_BODY = YES;
				CLANG_WARN_ENUM_CONVERSION = YES;
				CLANG_WARN_INFINITE_RECURSION = YES;
				CLANG_WARN_INT_CONVERSION = YES;
				CLANG_WARN_NON_LITERAL_NULL_CONVERSION = YES;
				CLANG_WARN_OBJC_IMPLICIT_RETAIN_SELF = YES;
				CLANG_WARN_OBJC_LITERAL_CONVERSION = YES;
				CLANG_WARN_OBJC_ROOT_CLASS = YES_ERROR;
				CLANG_WARN_RANGE_LOOP_ANALYSIS = YES;
				CLANG_WARN_STRICT_PROTOTYPES = YES;
				CLANG_WARN_SUSPICIOUS_MOVE = YES;
				CLANG_WARN_SUSPICIOUS_MOVES = YES;
				CLANG_WARN_UNREACHABLE_CODE = YES;
				CLANG_WARN__DUPLICATE_METHOD_MATCH = YES;
				"CODE_SIGN_IDENTITY[sdk=iphoneos*]" = "iPhone Developer";
				COPY_PHASE_STRIP = NO;
				DEBUG_INFORMATION_FORMAT = "dwarf-with-dsym";
				ENABLE_NS_ASSERTIONS = NO;
				ENABLE_STRICT_OBJC_MSGSEND = YES;
				GCC_C_LANGUAGE_STANDARD = gnu99;
				GCC_NO_COMMON_BLOCKS = YES;
				GCC_WARN_64_TO_32_BIT_CONVERSION = YES;
				GCC_WARN_ABOUT_RETURN_TYPE = YES_ERROR;
				GCC_WARN_UNDECLARED_SELECTOR = YES;
				GCC_WARN_UNINITIALIZED_AUTOS = YES_AGGRESSIVE;
				GCC_WARN_UNUSED_FUNCTION = YES;
				GCC_WARN_UNUSED_VARIABLE = YES;
				IPHONEOS_DEPLOYMENT_TARGET = 10.0;
				MTL_ENABLE_DEBUG_INFO = NO;
				SDKROOT = iphoneos;
				SWIFT_OPTIMIZATION_LEVEL = "-Owholemodule";
				VALIDATE_PRODUCT = YES;
			};
			name = Release;
		};
		B1C96AB41E2C66730036E559 /* Debug */ = {
			isa = XCBuildConfiguration;
			baseConfigurationReference = 7D290579FCFE88FA818A8002 /* Pods-Thread.debug.xcconfig */;
			buildSettings = {
				ALWAYS_EMBED_SWIFT_STANDARD_LIBRARIES = YES;
				ASSETCATALOG_COMPILER_APPICON_NAME = AppIcon;
				CLANG_ENABLE_MODULES = YES;
				CODE_SIGN_ENTITLEMENTS = Thread/Thread.entitlements;
				CODE_SIGN_IDENTITY = /Users/MichaelOnjack/Desktop/Programming/iOSDev/Swift/Thread_App_Store_Distribution.mobileprovision;
				"CODE_SIGN_IDENTITY[sdk=iphoneos*]" = "iPhone Developer";
				CODE_SIGN_STYLE = Automatic;
				DEVELOPMENT_TEAM = 64B49T3B7F;
				INFOPLIST_FILE = Thread/Info.plist;
				IPHONEOS_DEPLOYMENT_TARGET = 11.3;
				LD_RUNPATH_SEARCH_PATHS = "$(inherited) @executable_path/Frameworks";
				PRODUCT_BUNDLE_IDENTIFIER = com.michaelonjack.Thread;
				PRODUCT_NAME = "$(TARGET_NAME)";
				PROVISIONING_PROFILE = "";
				PROVISIONING_PROFILE_SPECIFIER = "";
				SWIFT_OBJC_BRIDGING_HEADER = "Thread/Thread-Bridging-Header.h";
				SWIFT_OPTIMIZATION_LEVEL = "-Onone";
				SWIFT_SWIFT3_OBJC_INFERENCE = Default;
				SWIFT_VERSION = 4.2;
			};
			name = Debug;
		};
		B1C96AB51E2C66730036E559 /* Release */ = {
			isa = XCBuildConfiguration;
			baseConfigurationReference = B315754A20752E20A13E984D /* Pods-Thread.release.xcconfig */;
			buildSettings = {
				ALWAYS_EMBED_SWIFT_STANDARD_LIBRARIES = YES;
				ASSETCATALOG_COMPILER_APPICON_NAME = AppIcon;
				CLANG_ENABLE_MODULES = YES;
				CODE_SIGN_ENTITLEMENTS = Thread/Thread.entitlements;
				CODE_SIGN_IDENTITY = /Users/MichaelOnjack/Desktop/Programming/iOSDev/Swift/Thread_App_Store_Distribution.mobileprovision;
				"CODE_SIGN_IDENTITY[sdk=iphoneos*]" = "iPhone Developer";
				CODE_SIGN_STYLE = Automatic;
				DEVELOPMENT_TEAM = 64B49T3B7F;
				INFOPLIST_FILE = Thread/Info.plist;
				IPHONEOS_DEPLOYMENT_TARGET = 11.3;
				LD_RUNPATH_SEARCH_PATHS = "$(inherited) @executable_path/Frameworks";
				PRODUCT_BUNDLE_IDENTIFIER = com.michaelonjack.Thread;
				PRODUCT_NAME = "$(TARGET_NAME)";
				PROVISIONING_PROFILE = "";
				PROVISIONING_PROFILE_SPECIFIER = "";
				SWIFT_OBJC_BRIDGING_HEADER = "Thread/Thread-Bridging-Header.h";
				SWIFT_SWIFT3_OBJC_INFERENCE = Default;
				SWIFT_VERSION = 4.2;
			};
			name = Release;
		};
		B1C96AB71E2C66730036E559 /* Debug */ = {
			isa = XCBuildConfiguration;
			baseConfigurationReference = CB1E9B1CE232603724C5E794 /* Pods-ThreadTests.debug.xcconfig */;
			buildSettings = {
				ALWAYS_EMBED_SWIFT_STANDARD_LIBRARIES = YES;
				BUNDLE_LOADER = "$(TEST_HOST)";
				DEVELOPMENT_TEAM = KC3NF5E248;
				INFOPLIST_FILE = ThreadTests/Info.plist;
				LD_RUNPATH_SEARCH_PATHS = "$(inherited) @executable_path/Frameworks @loader_path/Frameworks";
				PRODUCT_BUNDLE_IDENTIFIER = com.michaelonjack.ThreadTests;
				PRODUCT_NAME = "$(TARGET_NAME)";
				SWIFT_SWIFT3_OBJC_INFERENCE = On;
				SWIFT_VERSION = 4.0;
				TEST_HOST = "$(BUILT_PRODUCTS_DIR)/Thread.app/Thread";
			};
			name = Debug;
		};
		B1C96AB81E2C66730036E559 /* Release */ = {
			isa = XCBuildConfiguration;
			baseConfigurationReference = 529A1AB9C2D28419C0D6FBF6 /* Pods-ThreadTests.release.xcconfig */;
			buildSettings = {
				ALWAYS_EMBED_SWIFT_STANDARD_LIBRARIES = YES;
				BUNDLE_LOADER = "$(TEST_HOST)";
				DEVELOPMENT_TEAM = KC3NF5E248;
				INFOPLIST_FILE = ThreadTests/Info.plist;
				LD_RUNPATH_SEARCH_PATHS = "$(inherited) @executable_path/Frameworks @loader_path/Frameworks";
				PRODUCT_BUNDLE_IDENTIFIER = com.michaelonjack.ThreadTests;
				PRODUCT_NAME = "$(TARGET_NAME)";
				SWIFT_SWIFT3_OBJC_INFERENCE = On;
				SWIFT_VERSION = 4.0;
				TEST_HOST = "$(BUILT_PRODUCTS_DIR)/Thread.app/Thread";
			};
			name = Release;
		};
		B1C96ABA1E2C66730036E559 /* Debug */ = {
			isa = XCBuildConfiguration;
			baseConfigurationReference = 8976F182E6528772898954DF /* Pods-ThreadUITests.debug.xcconfig */;
			buildSettings = {
				ALWAYS_EMBED_SWIFT_STANDARD_LIBRARIES = YES;
				DEVELOPMENT_TEAM = KC3NF5E248;
				INFOPLIST_FILE = ThreadUITests/Info.plist;
				LD_RUNPATH_SEARCH_PATHS = "$(inherited) @executable_path/Frameworks @loader_path/Frameworks";
				PRODUCT_BUNDLE_IDENTIFIER = com.michaelonjack.ThreadUITests;
				PRODUCT_NAME = "$(TARGET_NAME)";
				SWIFT_SWIFT3_OBJC_INFERENCE = On;
				SWIFT_VERSION = 4.0;
				TEST_TARGET_NAME = Thread;
			};
			name = Debug;
		};
		B1C96ABB1E2C66730036E559 /* Release */ = {
			isa = XCBuildConfiguration;
			baseConfigurationReference = BEED098888EFE05ADEE3966C /* Pods-ThreadUITests.release.xcconfig */;
			buildSettings = {
				ALWAYS_EMBED_SWIFT_STANDARD_LIBRARIES = YES;
				DEVELOPMENT_TEAM = KC3NF5E248;
				INFOPLIST_FILE = ThreadUITests/Info.plist;
				LD_RUNPATH_SEARCH_PATHS = "$(inherited) @executable_path/Frameworks @loader_path/Frameworks";
				PRODUCT_BUNDLE_IDENTIFIER = com.michaelonjack.ThreadUITests;
				PRODUCT_NAME = "$(TARGET_NAME)";
				SWIFT_SWIFT3_OBJC_INFERENCE = On;
				SWIFT_VERSION = 4.0;
				TEST_TARGET_NAME = Thread;
			};
			name = Release;
		};
/* End XCBuildConfiguration section */

/* Begin XCConfigurationList section */
		B1C96A861E2C66730036E559 /* Build configuration list for PBXProject "Thread" */ = {
			isa = XCConfigurationList;
			buildConfigurations = (
				B1C96AB11E2C66730036E559 /* Debug */,
				B1C96AB21E2C66730036E559 /* Release */,
			);
			defaultConfigurationIsVisible = 0;
			defaultConfigurationName = Release;
		};
		B1C96AB31E2C66730036E559 /* Build configuration list for PBXNativeTarget "Thread" */ = {
			isa = XCConfigurationList;
			buildConfigurations = (
				B1C96AB41E2C66730036E559 /* Debug */,
				B1C96AB51E2C66730036E559 /* Release */,
			);
			defaultConfigurationIsVisible = 0;
			defaultConfigurationName = Release;
		};
		B1C96AB61E2C66730036E559 /* Build configuration list for PBXNativeTarget "ThreadTests" */ = {
			isa = XCConfigurationList;
			buildConfigurations = (
				B1C96AB71E2C66730036E559 /* Debug */,
				B1C96AB81E2C66730036E559 /* Release */,
			);
			defaultConfigurationIsVisible = 0;
			defaultConfigurationName = Release;
		};
		B1C96AB91E2C66730036E559 /* Build configuration list for PBXNativeTarget "ThreadUITests" */ = {
			isa = XCConfigurationList;
			buildConfigurations = (
				B1C96ABA1E2C66730036E559 /* Debug */,
				B1C96ABB1E2C66730036E559 /* Release */,
			);
			defaultConfigurationIsVisible = 0;
			defaultConfigurationName = Release;
		};
/* End XCConfigurationList section */
	};
	rootObject = B1C96A831E2C66730036E559 /* Project object */;
}
